PODS:
  - CocoaAsyncSocket (7.6.4)
  - OBTun2Socks (0.1.0):
    - CocoaAsyncSocket (~> 7.6.2)

DEPENDENCIES:
  - OBTun2Socks (from `https://github.com/tladesignz/OBTun2Socks.git`)

SPEC REPOS:
  trunk:
    - CocoaAsyncSocket

EXTERNAL SOURCES:
  OBTun2Socks:
    :git: https://github.com/tladesignz/OBTun2Socks.git

CHECKOUT OPTIONS:
  OBTun2Socks:
    :commit: 1027ecbeb2f988923e472e778bb3517ed5d46279
    :git: https://github.com/tladesignz/OBTun2Socks.git

SPEC CHECKSUMS:
  CocoaAsyncSocket: 694058e7c0ed05a9e217d1b3c7ded962f4180845
  OBTun2Socks: 42657ad64c8a2a2c8f726f1d4889d5a1244394ba

PODFILE CHECKSUM: 5c5c22e089e824ee2f7b000914f807632d0af789

COCOAPODS: 1.9.1
