// !$*UTF8*$!
{
	archiveVersion = 1;
	classes = {
	};
	objectVersion = 46;
	objects = {

/* Begin PBXAggregateTarget section */
		D065D0721CBF8BD30087FD3C /* iCepa-Mac-Run */ = {
			isa = PBXAggregateTarget;
			buildConfigurationList = D065D0731CBF8BD30087FD3C /* Build configuration list for PBXAggregateTarget "iCepa-Mac-Run" */;
			buildPhases = (
				D065D0781CBF8BDE0087FD3C /* Register Plugin */,
			);
			dependencies = (
				D065D0771CBF8BD90087FD3C /* PBXTargetDependency */,
			);
			name = "iCepa-Mac-Run";
			productName = "Mac Run";
		};
/* End PBXAggregateTarget section */

/* Begin PBXBuildFile section */
		D01A936F1BBE9A610047BB66 /* libtun2tor.a in Frameworks */ = {isa = PBXBuildFile; fileRef = D01A936E1BBE9A610047BB66 /* libtun2tor.a */; };
		D01A93741BBEB2830047BB66 /* Tor.framework in Embed Frameworks */ = {isa = PBXBuildFile; fileRef = D095BFF81BBD64970077E38B /* Tor.framework */; settings = {ATTRIBUTES = (CodeSignOnCopy, RemoveHeadersOnCopy, ); }; };
		D01A93781BC034D20047BB66 /* PacketTunnelProvider.swift in Sources */ = {isa = PBXBuildFile; fileRef = D01A93771BC034D20047BB66 /* PacketTunnelProvider.swift */; };
		D01A93791BC034D20047BB66 /* PacketTunnelProvider.swift in Sources */ = {isa = PBXBuildFile; fileRef = D01A93771BC034D20047BB66 /* PacketTunnelProvider.swift */; };
		D01A937B1BC036180047BB66 /* TunnelInterface.swift in Sources */ = {isa = PBXBuildFile; fileRef = D01A937A1BC036180047BB66 /* TunnelInterface.swift */; };
		D02E7ED41CC344A4000E8934 /* libtun2tor.a in Frameworks */ = {isa = PBXBuildFile; fileRef = D01A936E1BBE9A610047BB66 /* libtun2tor.a */; };
		D02E7ED51CC344B4000E8934 /* TunnelInterface.swift in Sources */ = {isa = PBXBuildFile; fileRef = D01A937A1BC036180047BB66 /* TunnelInterface.swift */; };
		D08892B41DD582F9009DB0CD /* AppCoordinator.swift in Sources */ = {isa = PBXBuildFile; fileRef = D08892B31DD582F9009DB0CD /* AppCoordinator.swift */; };
		D095BFD41BBD621D0077E38B /* AppDelegate.swift in Sources */ = {isa = PBXBuildFile; fileRef = D095BFD31BBD621D0077E38B /* AppDelegate.swift */; };
		D095BFD91BBD621D0077E38B /* MainMenu.xib in Resources */ = {isa = PBXBuildFile; fileRef = D095BFD71BBD621D0077E38B /* MainMenu.xib */; };
		D095BFE41BBD626E0077E38B /* Cocoa.framework in Frameworks */ = {isa = PBXBuildFile; fileRef = D095BFE31BBD626E0077E38B /* Cocoa.framework */; };
		D095BFEE1BBD626E0077E38B /* iCepaTunnel.appex in Embed App Extensions */ = {isa = PBXBuildFile; fileRef = D095BFE21BBD626E0077E38B /* iCepaTunnel.appex */; settings = {ATTRIBUTES = (RemoveHeadersOnCopy, ); }; };
		D095BFF91BBD64970077E38B /* Tor.framework in Frameworks */ = {isa = PBXBuildFile; fileRef = D095BFF81BBD64970077E38B /* Tor.framework */; };
		D095BFFA1BBD64970077E38B /* Tor.framework in Frameworks */ = {isa = PBXBuildFile; fileRef = D095BFF81BBD64970077E38B /* Tor.framework */; };
		D095BFFB1BBD652E0077E38B /* CPASharedConstants.m in Sources */ = {isa = PBXBuildFile; fileRef = D0F2D7EB1BB5CD59000E1D86 /* CPASharedConstants.m */; };
		D095BFFC1BBD65300077E38B /* CPASharedConstants.m in Sources */ = {isa = PBXBuildFile; fileRef = D0F2D7EB1BB5CD59000E1D86 /* CPASharedConstants.m */; };
		D095BFFD1BBD65310077E38B /* CPASharedConstants.m in Sources */ = {isa = PBXBuildFile; fileRef = D0F2D7EB1BB5CD59000E1D86 /* CPASharedConstants.m */; };
		D09E544D1C643B15001DB8F8 /* Tor.framework in Frameworks */ = {isa = PBXBuildFile; fileRef = D09E544C1C643B15001DB8F8 /* Tor.framework */; };
		D0B28C511D53341B00EA635B /* FileManager.swift in Sources */ = {isa = PBXBuildFile; fileRef = D0B28C501D53341B00EA635B /* FileManager.swift */; };
		D0B28C521D53341B00EA635B /* FileManager.swift in Sources */ = {isa = PBXBuildFile; fileRef = D0B28C501D53341B00EA635B /* FileManager.swift */; };
		D0B28C531D53341B00EA635B /* FileManager.swift in Sources */ = {isa = PBXBuildFile; fileRef = D0B28C501D53341B00EA635B /* FileManager.swift */; };
		D0B28C541D53341B00EA635B /* FileManager.swift in Sources */ = {isa = PBXBuildFile; fileRef = D0B28C501D53341B00EA635B /* FileManager.swift */; };
		D0E9A7081D6FFA16005B8F5C /* PermissionViewController.swift in Sources */ = {isa = PBXBuildFile; fileRef = D0E9A7071D6FFA16005B8F5C /* PermissionViewController.swift */; };
		D0E9A70E1D708C00005B8F5C /* FloatingButton.swift in Sources */ = {isa = PBXBuildFile; fileRef = D0E9A70D1D708C00005B8F5C /* FloatingButton.swift */; };
		D0F001B01C75120100E653AC /* Tor.framework in Embed Frameworks */ = {isa = PBXBuildFile; fileRef = D09E544C1C643B15001DB8F8 /* Tor.framework */; settings = {ATTRIBUTES = (CodeSignOnCopy, RemoveHeadersOnCopy, ); }; };
		D0F2D7D41BB5CC1B000E1D86 /* AppDelegate.swift in Sources */ = {isa = PBXBuildFile; fileRef = D0F2D7D31BB5CC1B000E1D86 /* AppDelegate.swift */; };
		D0F2D7D61BB5CC1B000E1D86 /* ControlViewController.swift in Sources */ = {isa = PBXBuildFile; fileRef = D0F2D7D51BB5CC1B000E1D86 /* ControlViewController.swift */; };
		D0F2D7DB1BB5CC1B000E1D86 /* Assets.xcassets in Resources */ = {isa = PBXBuildFile; fileRef = D0F2D7DA1BB5CC1B000E1D86 /* Assets.xcassets */; };
		D0F2D7DE1BB5CC1B000E1D86 /* LaunchScreen.storyboard in Resources */ = {isa = PBXBuildFile; fileRef = D0F2D7DC1BB5CC1B000E1D86 /* LaunchScreen.storyboard */; };
		D0F2D7EC1BB5CD59000E1D86 /* CPASharedConstants.m in Sources */ = {isa = PBXBuildFile; fileRef = D0F2D7EB1BB5CD59000E1D86 /* CPASharedConstants.m */; };
		D0F2D8061BB5D148000E1D86 /* iCepaTunnel.appex in Embed App Extensions */ = {isa = PBXBuildFile; fileRef = D0F2D7F81BB5D148000E1D86 /* iCepaTunnel.appex */; settings = {ATTRIBUTES = (RemoveHeadersOnCopy, ); }; };
/* End PBXBuildFile section */

/* Begin PBXContainerItemProxy section */
		D01A93711BBE9B030047BB66 /* PBXContainerItemProxy */ = {
			isa = PBXContainerItemProxy;
			containerPortal = D0F2D7C81BB5CC1B000E1D86 /* Project object */;
			proxyType = 1;
			remoteGlobalIDString = D01A936A1BBE98200047BB66;
			remoteInfo = "tun2tor-iOS";
		};
		D02E7ED11CC33CBB000E8934 /* PBXContainerItemProxy */ = {
			isa = PBXContainerItemProxy;
			containerPortal = D0F2D7C81BB5CC1B000E1D86 /* Project object */;
			proxyType = 1;
			remoteGlobalIDString = D095BFFE1BBD69010077E38B;
			remoteInfo = "tun2tor-Mac";
		};
		D065D0761CBF8BD90087FD3C /* PBXContainerItemProxy */ = {
			isa = PBXContainerItemProxy;
			containerPortal = D0F2D7C81BB5CC1B000E1D86 /* Project object */;
			proxyType = 1;
			remoteGlobalIDString = D095BFD01BBD621D0077E38B;
			remoteInfo = "iCepa-Mac";
		};
		D095BFEC1BBD626E0077E38B /* PBXContainerItemProxy */ = {
			isa = PBXContainerItemProxy;
			containerPortal = D0F2D7C81BB5CC1B000E1D86 /* Project object */;
			proxyType = 1;
			remoteGlobalIDString = D095BFE11BBD626E0077E38B;
			remoteInfo = "iCepaTunnel-Mac";
		};
		D0F2D8041BB5D148000E1D86 /* PBXContainerItemProxy */ = {
			isa = PBXContainerItemProxy;
			containerPortal = D0F2D7C81BB5CC1B000E1D86 /* Project object */;
			proxyType = 1;
			remoteGlobalIDString = D0F2D7F71BB5D148000E1D86;
			remoteInfo = iCepaTunnel;
		};
/* End PBXContainerItemProxy section */

/* Begin PBXCopyFilesBuildPhase section */
		D01A93731BBEB2750047BB66 /* Embed Frameworks */ = {
			isa = PBXCopyFilesBuildPhase;
			buildActionMask = 2147483647;
			dstPath = "";
			dstSubfolderSpec = 10;
			files = (
				D01A93741BBEB2830047BB66 /* Tor.framework in Embed Frameworks */,
			);
			name = "Embed Frameworks";
			runOnlyForDeploymentPostprocessing = 0;
		};
		D095BFF21BBD626E0077E38B /* Embed App Extensions */ = {
			isa = PBXCopyFilesBuildPhase;
			buildActionMask = 2147483647;
			dstPath = "";
			dstSubfolderSpec = 13;
			files = (
				D095BFEE1BBD626E0077E38B /* iCepaTunnel.appex in Embed App Extensions */,
			);
			name = "Embed App Extensions";
			runOnlyForDeploymentPostprocessing = 0;
		};
		D0F001AF1C7511E800E653AC /* Embed Frameworks */ = {
			isa = PBXCopyFilesBuildPhase;
			buildActionMask = 2147483647;
			dstPath = "";
			dstSubfolderSpec = 10;
			files = (
				D0F001B01C75120100E653AC /* Tor.framework in Embed Frameworks */,
			);
			name = "Embed Frameworks";
			runOnlyForDeploymentPostprocessing = 0;
		};
		D0F2D80A1BB5D148000E1D86 /* Embed App Extensions */ = {
			isa = PBXCopyFilesBuildPhase;
			buildActionMask = 2147483647;
			dstPath = "";
			dstSubfolderSpec = 13;
			files = (
				D0F2D8061BB5D148000E1D86 /* iCepaTunnel.appex in Embed App Extensions */,
			);
			name = "Embed App Extensions";
			runOnlyForDeploymentPostprocessing = 0;
		};
/* End PBXCopyFilesBuildPhase section */

/* Begin PBXFileReference section */
		D01A936E1BBE9A610047BB66 /* libtun2tor.a */ = {isa = PBXFileReference; lastKnownFileType = archive.ar; path = libtun2tor.a; sourceTree = BUILT_PRODUCTS_DIR; };
		D01A93771BC034D20047BB66 /* PacketTunnelProvider.swift */ = {isa = PBXFileReference; fileEncoding = 4; lastKnownFileType = sourcecode.swift; path = PacketTunnelProvider.swift; sourceTree = "<group>"; };
		D01A937A1BC036180047BB66 /* TunnelInterface.swift */ = {isa = PBXFileReference; fileEncoding = 4; lastKnownFileType = sourcecode.swift; path = TunnelInterface.swift; sourceTree = "<group>"; };
		D01A937D1BC036300047BB66 /* CPABridging.h */ = {isa = PBXFileReference; lastKnownFileType = sourcecode.c.h; path = CPABridging.h; sourceTree = "<group>"; };
		D08892B31DD582F9009DB0CD /* AppCoordinator.swift */ = {isa = PBXFileReference; fileEncoding = 4; lastKnownFileType = sourcecode.swift; path = AppCoordinator.swift; sourceTree = "<group>"; };
		D095BFD11BBD621D0077E38B /* iCepa.app */ = {isa = PBXFileReference; explicitFileType = wrapper.application; includeInIndex = 0; path = iCepa.app; sourceTree = BUILT_PRODUCTS_DIR; };
		D095BFD31BBD621D0077E38B /* AppDelegate.swift */ = {isa = PBXFileReference; lastKnownFileType = sourcecode.swift; path = AppDelegate.swift; sourceTree = "<group>"; };
		D095BFD81BBD621D0077E38B /* Base */ = {isa = PBXFileReference; lastKnownFileType = file.xib; name = Base; path = Base.lproj/MainMenu.xib; sourceTree = "<group>"; };
		D095BFDA1BBD621D0077E38B /* Info.plist */ = {isa = PBXFileReference; lastKnownFileType = text.plist.xml; path = Info.plist; sourceTree = "<group>"; };
		D095BFE21BBD626E0077E38B /* iCepaTunnel.appex */ = {isa = PBXFileReference; explicitFileType = "wrapper.app-extension"; includeInIndex = 0; path = iCepaTunnel.appex; sourceTree = BUILT_PRODUCTS_DIR; };
		D095BFE31BBD626E0077E38B /* Cocoa.framework */ = {isa = PBXFileReference; lastKnownFileType = wrapper.framework; name = Cocoa.framework; path = Library/Frameworks/Cocoa.framework; sourceTree = DEVELOPER_DIR; };
		D095BFF51BBD630A0077E38B /* iCepa.entitlements */ = {isa = PBXFileReference; lastKnownFileType = text.xml; path = iCepa.entitlements; sourceTree = "<group>"; };
		D095BFF61BBD63850077E38B /* iCepa-Mac.xcconfig */ = {isa = PBXFileReference; lastKnownFileType = text.xcconfig; path = "iCepa-Mac.xcconfig"; sourceTree = SOURCE_ROOT; };
		D095BFF71BBD638B0077E38B /* iCepa-iOS.xcconfig */ = {isa = PBXFileReference; lastKnownFileType = text.xcconfig; path = "iCepa-iOS.xcconfig"; sourceTree = SOURCE_ROOT; };
		D095BFF81BBD64970077E38B /* Tor.framework */ = {isa = PBXFileReference; lastKnownFileType = wrapper.framework; name = Tor.framework; path = Carthage/Build/iOS/Tor.framework; sourceTree = "<group>"; };
		D095C0021BBD6B080077E38B /* tun2tor.sh */ = {isa = PBXFileReference; lastKnownFileType = text.script.sh; path = tun2tor.sh; sourceTree = "<group>"; };
		D095C0081BBD7C6C0077E38B /* CPABridging.h */ = {isa = PBXFileReference; lastKnownFileType = sourcecode.c.h; path = CPABridging.h; sourceTree = "<group>"; };
		D095C0091BBD89390077E38B /* iCepaTunnel-iOS.entitlements */ = {isa = PBXFileReference; lastKnownFileType = text.xml; path = "iCepaTunnel-iOS.entitlements"; sourceTree = "<group>"; };
		D09E544C1C643B15001DB8F8 /* Tor.framework */ = {isa = PBXFileReference; lastKnownFileType = wrapper.framework; name = Tor.framework; path = Carthage/Build/Mac/Tor.framework; sourceTree = "<group>"; };
		D0B28C501D53341B00EA635B /* FileManager.swift */ = {isa = PBXFileReference; fileEncoding = 4; lastKnownFileType = sourcecode.swift; path = FileManager.swift; sourceTree = "<group>"; };
		D0E9A7071D6FFA16005B8F5C /* PermissionViewController.swift */ = {isa = PBXFileReference; fileEncoding = 4; lastKnownFileType = sourcecode.swift; path = PermissionViewController.swift; sourceTree = "<group>"; };
		D0E9A70D1D708C00005B8F5C /* FloatingButton.swift */ = {isa = PBXFileReference; fileEncoding = 4; lastKnownFileType = sourcecode.swift; path = FloatingButton.swift; sourceTree = "<group>"; };
		D0F2D7D01BB5CC1B000E1D86 /* iCepa.app */ = {isa = PBXFileReference; explicitFileType = wrapper.application; includeInIndex = 0; path = iCepa.app; sourceTree = BUILT_PRODUCTS_DIR; };
		D0F2D7D31BB5CC1B000E1D86 /* AppDelegate.swift */ = {isa = PBXFileReference; lastKnownFileType = sourcecode.swift; path = AppDelegate.swift; sourceTree = "<group>"; };
		D0F2D7D51BB5CC1B000E1D86 /* ControlViewController.swift */ = {isa = PBXFileReference; lastKnownFileType = sourcecode.swift; path = ControlViewController.swift; sourceTree = "<group>"; };
		D0F2D7DA1BB5CC1B000E1D86 /* Assets.xcassets */ = {isa = PBXFileReference; lastKnownFileType = folder.assetcatalog; path = Assets.xcassets; sourceTree = "<group>"; };
		D0F2D7DD1BB5CC1B000E1D86 /* Base */ = {isa = PBXFileReference; lastKnownFileType = file.storyboard; name = Base; path = Base.lproj/LaunchScreen.storyboard; sourceTree = "<group>"; };
		D0F2D7DF1BB5CC1B000E1D86 /* Info.plist */ = {isa = PBXFileReference; lastKnownFileType = text.plist.xml; path = Info.plist; sourceTree = "<group>"; };
		D0F2D7EA1BB5CD59000E1D86 /* CPASharedConstants.h */ = {isa = PBXFileReference; fileEncoding = 4; lastKnownFileType = sourcecode.c.h; path = CPASharedConstants.h; sourceTree = "<group>"; };
		D0F2D7EB1BB5CD59000E1D86 /* CPASharedConstants.m */ = {isa = PBXFileReference; fileEncoding = 4; lastKnownFileType = sourcecode.c.objc; path = CPASharedConstants.m; sourceTree = "<group>"; };
		D0F2D7ED1BB5CE0B000E1D86 /* CPABridging.h */ = {isa = PBXFileReference; lastKnownFileType = sourcecode.c.h; path = CPABridging.h; sourceTree = "<group>"; };
		D0F2D7F21BB5D0C5000E1D86 /* iCepa.entitlements */ = {isa = PBXFileReference; fileEncoding = 4; lastKnownFileType = text.xml; path = iCepa.entitlements; sourceTree = "<group>"; };
		D0F2D7F81BB5D148000E1D86 /* iCepaTunnel.appex */ = {isa = PBXFileReference; explicitFileType = "wrapper.app-extension"; includeInIndex = 0; path = iCepaTunnel.appex; sourceTree = BUILT_PRODUCTS_DIR; };
		D0F2D8031BB5D148000E1D86 /* Info.plist */ = {isa = PBXFileReference; lastKnownFileType = text.plist.xml; path = Info.plist; sourceTree = "<group>"; };
		D0F2D80F1BB5D206000E1D86 /* iCepaTunnel-Mac.entitlements */ = {isa = PBXFileReference; lastKnownFileType = text.xml; path = "iCepaTunnel-Mac.entitlements"; sourceTree = "<group>"; };
/* End PBXFileReference section */

/* Begin PBXFrameworksBuildPhase section */
		D095BFCE1BBD621D0077E38B /* Frameworks */ = {
			isa = PBXFrameworksBuildPhase;
			buildActionMask = 2147483647;
			files = (
				D09E544D1C643B15001DB8F8 /* Tor.framework in Frameworks */,
			);
			runOnlyForDeploymentPostprocessing = 0;
		};
		D095BFDF1BBD626E0077E38B /* Frameworks */ = {
			isa = PBXFrameworksBuildPhase;
			buildActionMask = 2147483647;
			files = (
				D095BFE41BBD626E0077E38B /* Cocoa.framework in Frameworks */,
				D02E7ED41CC344A4000E8934 /* libtun2tor.a in Frameworks */,
			);
			runOnlyForDeploymentPostprocessing = 0;
		};
		D0F2D7CD1BB5CC1B000E1D86 /* Frameworks */ = {
			isa = PBXFrameworksBuildPhase;
			buildActionMask = 2147483647;
			files = (
				D095BFF91BBD64970077E38B /* Tor.framework in Frameworks */,
			);
			runOnlyForDeploymentPostprocessing = 0;
		};
		D0F2D7F51BB5D148000E1D86 /* Frameworks */ = {
			isa = PBXFrameworksBuildPhase;
			buildActionMask = 2147483647;
			files = (
				D01A936F1BBE9A610047BB66 /* libtun2tor.a in Frameworks */,
				D095BFFA1BBD64970077E38B /* Tor.framework in Frameworks */,
			);
			runOnlyForDeploymentPostprocessing = 0;
		};
/* End PBXFrameworksBuildPhase section */

/* Begin PBXGroup section */
		D095BFD21BBD621D0077E38B /* Mac */ = {
			isa = PBXGroup;
			children = (
				D095BFD31BBD621D0077E38B /* AppDelegate.swift */,
				D095BFF41BBD62BF0077E38B /* Supporting Files */,
			);
			path = Mac;
			sourceTree = "<group>";
		};
		D095BFF41BBD62BF0077E38B /* Supporting Files */ = {
			isa = PBXGroup;
			children = (
				D095C0081BBD7C6C0077E38B /* CPABridging.h */,
				D095BFD71BBD621D0077E38B /* MainMenu.xib */,
				D095BFF51BBD630A0077E38B /* iCepa.entitlements */,
				D095BFDA1BBD621D0077E38B /* Info.plist */,
			);
			name = "Supporting Files";
			sourceTree = "<group>";
		};
		D095C0031BBD6B0B0077E38B /* External */ = {
			isa = PBXGroup;
			children = (
				D095C0021BBD6B080077E38B /* tun2tor.sh */,
				D01A936E1BBE9A610047BB66 /* libtun2tor.a */,
			);
			name = External;
			sourceTree = "<group>";
		};
		D0F2D7C71BB5CC1B000E1D86 = {
			isa = PBXGroup;
			children = (
				D0F2D7D21BB5CC1B000E1D86 /* iOS */,
				D095BFD21BBD621D0077E38B /* Mac */,
				D0F2D7FC1BB5D148000E1D86 /* Extension */,
				D0F2D7E81BB5CD39000E1D86 /* Shared */,
				D0F2D7F91BB5D148000E1D86 /* Frameworks */,
				D0F2D7D11BB5CC1B000E1D86 /* Products */,
			);
			sourceTree = "<group>";
		};
		D0F2D7D11BB5CC1B000E1D86 /* Products */ = {
			isa = PBXGroup;
			children = (
				D0F2D7D01BB5CC1B000E1D86 /* iCepa.app */,
				D0F2D7F81BB5D148000E1D86 /* iCepaTunnel.appex */,
				D095BFD11BBD621D0077E38B /* iCepa.app */,
				D095BFE21BBD626E0077E38B /* iCepaTunnel.appex */,
			);
			name = Products;
			sourceTree = "<group>";
		};
		D0F2D7D21BB5CC1B000E1D86 /* iOS */ = {
			isa = PBXGroup;
			children = (
				D0F2D7D31BB5CC1B000E1D86 /* AppDelegate.swift */,
				D08892B31DD582F9009DB0CD /* AppCoordinator.swift */,
				D0F2D7D51BB5CC1B000E1D86 /* ControlViewController.swift */,
				D0E9A7071D6FFA16005B8F5C /* PermissionViewController.swift */,
				D0E9A70D1D708C00005B8F5C /* FloatingButton.swift */,
				D0F2D7E51BB5CC28000E1D86 /* Supporting Files */,
			);
			path = iOS;
			sourceTree = "<group>";
		};
		D0F2D7E51BB5CC28000E1D86 /* Supporting Files */ = {
			isa = PBXGroup;
			children = (
				D0F2D7ED1BB5CE0B000E1D86 /* CPABridging.h */,
				D0F2D7DA1BB5CC1B000E1D86 /* Assets.xcassets */,
				D0F2D7DC1BB5CC1B000E1D86 /* LaunchScreen.storyboard */,
				D0F2D7F21BB5D0C5000E1D86 /* iCepa.entitlements */,
				D0F2D7DF1BB5CC1B000E1D86 /* Info.plist */,
			);
			name = "Supporting Files";
			sourceTree = "<group>";
		};
		D0F2D7E81BB5CD39000E1D86 /* Shared */ = {
			isa = PBXGroup;
			children = (
				D095BFF71BBD638B0077E38B /* iCepa-iOS.xcconfig */,
				D095BFF61BBD63850077E38B /* iCepa-Mac.xcconfig */,
				D0F2D7EA1BB5CD59000E1D86 /* CPASharedConstants.h */,
				D0F2D7EB1BB5CD59000E1D86 /* CPASharedConstants.m */,
				D0B28C501D53341B00EA635B /* FileManager.swift */,
			);
			path = Shared;
			sourceTree = "<group>";
		};
		D0F2D7F91BB5D148000E1D86 /* Frameworks */ = {
			isa = PBXGroup;
			children = (
				D09E544C1C643B15001DB8F8 /* Tor.framework */,
				D095BFF81BBD64970077E38B /* Tor.framework */,
				D095BFE31BBD626E0077E38B /* Cocoa.framework */,
			);
			name = Frameworks;
			sourceTree = "<group>";
		};
		D0F2D7FC1BB5D148000E1D86 /* Extension */ = {
			isa = PBXGroup;
			children = (
				D01A93771BC034D20047BB66 /* PacketTunnelProvider.swift */,
				D01A937A1BC036180047BB66 /* TunnelInterface.swift */,
				D0F2D80E1BB5D1B3000E1D86 /* Supporting Files */,
				D095C0031BBD6B0B0077E38B /* External */,
			);
			path = Extension;
			sourceTree = "<group>";
		};
		D0F2D80E1BB5D1B3000E1D86 /* Supporting Files */ = {
			isa = PBXGroup;
			children = (
				D01A937D1BC036300047BB66 /* CPABridging.h */,
				D095C0091BBD89390077E38B /* iCepaTunnel-iOS.entitlements */,
				D0F2D80F1BB5D206000E1D86 /* iCepaTunnel-Mac.entitlements */,
				D0F2D8031BB5D148000E1D86 /* Info.plist */,
			);
			name = "Supporting Files";
			sourceTree = "<group>";
		};
/* End PBXGroup section */

/* Begin PBXLegacyTarget section */
		D01A936A1BBE98200047BB66 /* tun2tor-iOS */ = {
			isa = PBXLegacyTarget;
			buildArgumentsString = "\"$(SRCROOT)/Extension/tun2tor.sh\"";
			buildConfigurationList = D01A936D1BBE98200047BB66 /* Build configuration list for PBXLegacyTarget "tun2tor-iOS" */;
			buildPhases = (
			);
			buildToolPath = /bin/bash;
			buildWorkingDirectory = Extension/tun2tor;
			dependencies = (
			);
			name = "tun2tor-iOS";
			passBuildSettingsInEnvironment = 1;
			productName = "tun2tor-iOS";
		};
		D095BFFE1BBD69010077E38B /* tun2tor-Mac */ = {
			isa = PBXLegacyTarget;
			buildArgumentsString = "\"$(SRCROOT)/Extension/tun2tor.sh\"";
			buildConfigurationList = D095BFFF1BBD69010077E38B /* Build configuration list for PBXLegacyTarget "tun2tor-Mac" */;
			buildPhases = (
			);
			buildToolPath = /bin/bash;
			buildWorkingDirectory = Extension/tun2tor;
			dependencies = (
			);
			name = "tun2tor-Mac";
			passBuildSettingsInEnvironment = 1;
			productName = tun2tor;
		};
/* End PBXLegacyTarget section */

/* Begin PBXNativeTarget section */
		D095BFD01BBD621D0077E38B /* iCepa-Mac */ = {
			isa = PBXNativeTarget;
			buildConfigurationList = D095BFDB1BBD621D0077E38B /* Build configuration list for PBXNativeTarget "iCepa-Mac" */;
			buildPhases = (
				D095BFCD1BBD621D0077E38B /* Sources */,
				D095BFCE1BBD621D0077E38B /* Frameworks */,
				D095BFCF1BBD621D0077E38B /* Resources */,
				D095BFF21BBD626E0077E38B /* Embed App Extensions */,
				D0F001AF1C7511E800E653AC /* Embed Frameworks */,
			);
			buildRules = (
			);
			dependencies = (
				D095BFED1BBD626E0077E38B /* PBXTargetDependency */,
			);
			name = "iCepa-Mac";
			productName = "iCepa-Mac";
			productReference = D095BFD11BBD621D0077E38B /* iCepa.app */;
			productType = "com.apple.product-type.application";
		};
		D095BFE11BBD626E0077E38B /* iCepaTunnel-Mac */ = {
			isa = PBXNativeTarget;
			buildConfigurationList = D095BFEF1BBD626E0077E38B /* Build configuration list for PBXNativeTarget "iCepaTunnel-Mac" */;
			buildPhases = (
				D095BFDE1BBD626E0077E38B /* Sources */,
				D095BFDF1BBD626E0077E38B /* Frameworks */,
				D095BFE01BBD626E0077E38B /* Resources */,
			);
			buildRules = (
			);
			dependencies = (
				D02E7ED21CC33CBB000E8934 /* PBXTargetDependency */,
			);
			name = "iCepaTunnel-Mac";
			productName = "iCepaTunnel-Mac";
			productReference = D095BFE21BBD626E0077E38B /* iCepaTunnel.appex */;
			productType = "com.apple.product-type.app-extension";
		};
		D0F2D7CF1BB5CC1B000E1D86 /* iCepa-iOS */ = {
			isa = PBXNativeTarget;
			buildConfigurationList = D0F2D7E21BB5CC1B000E1D86 /* Build configuration list for PBXNativeTarget "iCepa-iOS" */;
			buildPhases = (
				D0F2D7CC1BB5CC1B000E1D86 /* Sources */,
				D0F2D7CD1BB5CC1B000E1D86 /* Frameworks */,
				D0F2D7CE1BB5CC1B000E1D86 /* Resources */,
				D0F2D80A1BB5D148000E1D86 /* Embed App Extensions */,
				D01A93731BBEB2750047BB66 /* Embed Frameworks */,
			);
			buildRules = (
			);
			dependencies = (
				D0F2D8051BB5D148000E1D86 /* PBXTargetDependency */,
			);
			name = "iCepa-iOS";
			productName = iCepa;
			productReference = D0F2D7D01BB5CC1B000E1D86 /* iCepa.app */;
			productType = "com.apple.product-type.application";
		};
		D0F2D7F71BB5D148000E1D86 /* iCepaTunnel-iOS */ = {
			isa = PBXNativeTarget;
			buildConfigurationList = D0F2D8071BB5D148000E1D86 /* Build configuration list for PBXNativeTarget "iCepaTunnel-iOS" */;
			buildPhases = (
				D0F2D7F41BB5D148000E1D86 /* Sources */,
				D0F2D7F51BB5D148000E1D86 /* Frameworks */,
				D0F2D7F61BB5D148000E1D86 /* Resources */,
			);
			buildRules = (
			);
			dependencies = (
				D01A93721BBE9B030047BB66 /* PBXTargetDependency */,
			);
			name = "iCepaTunnel-iOS";
			productName = iCepaTunnel;
			productReference = D0F2D7F81BB5D148000E1D86 /* iCepaTunnel.appex */;
			productType = "com.apple.product-type.app-extension";
		};
/* End PBXNativeTarget section */

/* Begin PBXProject section */
		D0F2D7C81BB5CC1B000E1D86 /* Project object */ = {
			isa = PBXProject;
			attributes = {
				LastSwiftUpdateCheck = 0700;
				LastUpgradeCheck = 0810;
				ORGANIZATIONNAME = "Conrad Kramer";
				TargetAttributes = {
					D01A936A1BBE98200047BB66 = {
						CreatedOnToolsVersion = 7.0;
					};
					D065D0721CBF8BD30087FD3C = {
						CreatedOnToolsVersion = 7.3;
					};
					D095BFD01BBD621D0077E38B = {
						CreatedOnToolsVersion = 7.0;
						ProvisioningStyle = Automatic;
					};
					D095BFE11BBD626E0077E38B = {
						CreatedOnToolsVersion = 7.0;
					};
					D095BFFE1BBD69010077E38B = {
						CreatedOnToolsVersion = 7.0;
					};
					D0F2D7CF1BB5CC1B000E1D86 = {
						CreatedOnToolsVersion = 7.0;
						LastSwiftMigration = 0800;
						ProvisioningStyle = Manual;
					};
					D0F2D7F71BB5D148000E1D86 = {
						CreatedOnToolsVersion = 7.0;
						LastSwiftMigration = 0800;
						ProvisioningStyle = Manual;
					};
				};
			};
			buildConfigurationList = D0F2D7CB1BB5CC1B000E1D86 /* Build configuration list for PBXProject "iCepa" */;
			compatibilityVersion = "Xcode 3.2";
			developmentRegion = English;
			hasScannedForEncodings = 0;
			knownRegions = (
				en,
				Base,
			);
			mainGroup = D0F2D7C71BB5CC1B000E1D86;
			productRefGroup = D0F2D7D11BB5CC1B000E1D86 /* Products */;
			projectDirPath = "";
			projectRoot = "";
			targets = (
				D0F2D7CF1BB5CC1B000E1D86 /* iCepa-iOS */,
				D095BFD01BBD621D0077E38B /* iCepa-Mac */,
				D065D0721CBF8BD30087FD3C /* iCepa-Mac-Run */,
				D0F2D7F71BB5D148000E1D86 /* iCepaTunnel-iOS */,
				D095BFE11BBD626E0077E38B /* iCepaTunnel-Mac */,
				D01A936A1BBE98200047BB66 /* tun2tor-iOS */,
				D095BFFE1BBD69010077E38B /* tun2tor-Mac */,
			);
		};
/* End PBXProject section */

/* Begin PBXResourcesBuildPhase section */
		D095BFCF1BBD621D0077E38B /* Resources */ = {
			isa = PBXResourcesBuildPhase;
			buildActionMask = 2147483647;
			files = (
				D095BFD91BBD621D0077E38B /* MainMenu.xib in Resources */,
			);
			runOnlyForDeploymentPostprocessing = 0;
		};
		D095BFE01BBD626E0077E38B /* Resources */ = {
			isa = PBXResourcesBuildPhase;
			buildActionMask = 2147483647;
			files = (
			);
			runOnlyForDeploymentPostprocessing = 0;
		};
		D0F2D7CE1BB5CC1B000E1D86 /* Resources */ = {
			isa = PBXResourcesBuildPhase;
			buildActionMask = 2147483647;
			files = (
				D0F2D7DE1BB5CC1B000E1D86 /* LaunchScreen.storyboard in Resources */,
				D0F2D7DB1BB5CC1B000E1D86 /* Assets.xcassets in Resources */,
			);
			runOnlyForDeploymentPostprocessing = 0;
		};
		D0F2D7F61BB5D148000E1D86 /* Resources */ = {
			isa = PBXResourcesBuildPhase;
			buildActionMask = 2147483647;
			files = (
			);
			runOnlyForDeploymentPostprocessing = 0;
		};
/* End PBXResourcesBuildPhase section */

/* Begin PBXShellScriptBuildPhase section */
		D065D0781CBF8BDE0087FD3C /* Register Plugin */ = {
			isa = PBXShellScriptBuildPhase;
			buildActionMask = 2147483647;
			files = (
			);
			inputPaths = (
			);
			name = "Register Plugin";
			outputPaths = (
			);
			runOnlyForDeploymentPostprocessing = 0;
			shellPath = /bin/sh;
			shellScript = "pluginkit -a \"${BUILT_PRODUCTS_DIR}/iCepa.app/Contents/PlugIns/iCepaTunnel.appex\"";
		};
/* End PBXShellScriptBuildPhase section */

/* Begin PBXSourcesBuildPhase section */
		D095BFCD1BBD621D0077E38B /* Sources */ = {
			isa = PBXSourcesBuildPhase;
			buildActionMask = 2147483647;
			files = (
				D095BFD41BBD621D0077E38B /* AppDelegate.swift in Sources */,
				D095BFFB1BBD652E0077E38B /* CPASharedConstants.m in Sources */,
				D0B28C521D53341B00EA635B /* FileManager.swift in Sources */,
			);
			runOnlyForDeploymentPostprocessing = 0;
		};
		D095BFDE1BBD626E0077E38B /* Sources */ = {
			isa = PBXSourcesBuildPhase;
			buildActionMask = 2147483647;
			files = (
				D095BFFD1BBD65310077E38B /* CPASharedConstants.m in Sources */,
				D01A93791BC034D20047BB66 /* PacketTunnelProvider.swift in Sources */,
				D02E7ED51CC344B4000E8934 /* TunnelInterface.swift in Sources */,
				D0B28C541D53341B00EA635B /* FileManager.swift in Sources */,
			);
			runOnlyForDeploymentPostprocessing = 0;
		};
		D0F2D7CC1BB5CC1B000E1D86 /* Sources */ = {
			isa = PBXSourcesBuildPhase;
			buildActionMask = 2147483647;
			files = (
				D0B28C511D53341B00EA635B /* FileManager.swift in Sources */,
				D0E9A7081D6FFA16005B8F5C /* PermissionViewController.swift in Sources */,
				D0E9A70E1D708C00005B8F5C /* FloatingButton.swift in Sources */,
				D0F2D7D61BB5CC1B000E1D86 /* ControlViewController.swift in Sources */,
				D08892B41DD582F9009DB0CD /* AppCoordinator.swift in Sources */,
				D0F2D7D41BB5CC1B000E1D86 /* AppDelegate.swift in Sources */,
				D0F2D7EC1BB5CD59000E1D86 /* CPASharedConstants.m in Sources */,
			);
			runOnlyForDeploymentPostprocessing = 0;
		};
		D0F2D7F41BB5D148000E1D86 /* Sources */ = {
			isa = PBXSourcesBuildPhase;
			buildActionMask = 2147483647;
			files = (
				D095BFFC1BBD65300077E38B /* CPASharedConstants.m in Sources */,
				D01A93781BC034D20047BB66 /* PacketTunnelProvider.swift in Sources */,
				D01A937B1BC036180047BB66 /* TunnelInterface.swift in Sources */,
				D0B28C531D53341B00EA635B /* FileManager.swift in Sources */,
			);
			runOnlyForDeploymentPostprocessing = 0;
		};
/* End PBXSourcesBuildPhase section */

/* Begin PBXTargetDependency section */
		D01A93721BBE9B030047BB66 /* PBXTargetDependency */ = {
			isa = PBXTargetDependency;
			target = D01A936A1BBE98200047BB66 /* tun2tor-iOS */;
			targetProxy = D01A93711BBE9B030047BB66 /* PBXContainerItemProxy */;
		};
		D02E7ED21CC33CBB000E8934 /* PBXTargetDependency */ = {
			isa = PBXTargetDependency;
			target = D095BFFE1BBD69010077E38B /* tun2tor-Mac */;
			targetProxy = D02E7ED11CC33CBB000E8934 /* PBXContainerItemProxy */;
		};
		D065D0771CBF8BD90087FD3C /* PBXTargetDependency */ = {
			isa = PBXTargetDependency;
			target = D095BFD01BBD621D0077E38B /* iCepa-Mac */;
			targetProxy = D065D0761CBF8BD90087FD3C /* PBXContainerItemProxy */;
		};
		D095BFED1BBD626E0077E38B /* PBXTargetDependency */ = {
			isa = PBXTargetDependency;
			target = D095BFE11BBD626E0077E38B /* iCepaTunnel-Mac */;
			targetProxy = D095BFEC1BBD626E0077E38B /* PBXContainerItemProxy */;
		};
		D0F2D8051BB5D148000E1D86 /* PBXTargetDependency */ = {
			isa = PBXTargetDependency;
			target = D0F2D7F71BB5D148000E1D86 /* iCepaTunnel-iOS */;
			targetProxy = D0F2D8041BB5D148000E1D86 /* PBXContainerItemProxy */;
		};
/* End PBXTargetDependency section */

/* Begin PBXVariantGroup section */
		D095BFD71BBD621D0077E38B /* MainMenu.xib */ = {
			isa = PBXVariantGroup;
			children = (
				D095BFD81BBD621D0077E38B /* Base */,
			);
			name = MainMenu.xib;
			sourceTree = "<group>";
		};
		D0F2D7DC1BB5CC1B000E1D86 /* LaunchScreen.storyboard */ = {
			isa = PBXVariantGroup;
			children = (
				D0F2D7DD1BB5CC1B000E1D86 /* Base */,
			);
			name = LaunchScreen.storyboard;
			sourceTree = "<group>";
		};
/* End PBXVariantGroup section */

/* Begin XCBuildConfiguration section */
		D01A936B1BBE98200047BB66 /* Debug */ = {
			isa = XCBuildConfiguration;
			buildSettings = {
				PRODUCT_NAME = tun2tor;
				SDKROOT = iphoneos;
			};
			name = Debug;
		};
		D01A936C1BBE98200047BB66 /* Release */ = {
			isa = XCBuildConfiguration;
			buildSettings = {
				PRODUCT_NAME = tun2tor;
				SDKROOT = iphoneos;
			};
			name = Release;
		};
		D065D0741CBF8BD30087FD3C /* Debug */ = {
			isa = XCBuildConfiguration;
			buildSettings = {
				PRODUCT_NAME = "$(TARGET_NAME)";
			};
			name = Debug;
		};
		D065D0751CBF8BD30087FD3C /* Release */ = {
			isa = XCBuildConfiguration;
			buildSettings = {
				PRODUCT_NAME = "$(TARGET_NAME)";
			};
			name = Release;
		};
		D095BFDC1BBD621D0077E38B /* Debug */ = {
			isa = XCBuildConfiguration;
			baseConfigurationReference = D095BFF61BBD63850077E38B /* iCepa-Mac.xcconfig */;
			buildSettings = {
				ALWAYS_EMBED_SWIFT_STANDARD_LIBRARIES = YES;
				ASSETCATALOG_COMPILER_APPICON_NAME = AppIcon;
				CODE_SIGN_ENTITLEMENTS = Mac/iCepa.entitlements;
				CODE_SIGN_IDENTITY = "Mac Developer";
				COMBINE_HIDPI_IMAGES = YES;
				DEVELOPMENT_TEAM = "";
				FRAMEWORK_SEARCH_PATHS = (
					"$(inherited)",
					"$(PROJECT_DIR)/Carthage/Build/Mac",
				);
				INFOPLIST_FILE = Mac/Info.plist;
				LD_RUNPATH_SEARCH_PATHS = "$(inherited) @executable_path/../Frameworks";
				MACOSX_DEPLOYMENT_TARGET = 10.11;
				PRODUCT_BUNDLE_IDENTIFIER = "$(CPA_APPLICATION_BUNDLE_IDENTIFIER)";
				PRODUCT_NAME = iCepa;
				PROVISIONING_PROFILE = "";
				SDKROOT = macosx;
				SWIFT_OBJC_BRIDGING_HEADER = Mac/CPABridging.h;
			};
			name = Debug;
		};
		D095BFDD1BBD621D0077E38B /* Release */ = {
			isa = XCBuildConfiguration;
			baseConfigurationReference = D095BFF61BBD63850077E38B /* iCepa-Mac.xcconfig */;
			buildSettings = {
				ALWAYS_EMBED_SWIFT_STANDARD_LIBRARIES = YES;
				ASSETCATALOG_COMPILER_APPICON_NAME = AppIcon;
				CODE_SIGN_ENTITLEMENTS = Mac/iCepa.entitlements;
				CODE_SIGN_IDENTITY = "Mac Developer";
				COMBINE_HIDPI_IMAGES = YES;
				DEVELOPMENT_TEAM = "";
				FRAMEWORK_SEARCH_PATHS = (
					"$(inherited)",
					"$(PROJECT_DIR)/Carthage/Build/Mac",
				);
				INFOPLIST_FILE = Mac/Info.plist;
				LD_RUNPATH_SEARCH_PATHS = "$(inherited) @executable_path/../Frameworks";
				MACOSX_DEPLOYMENT_TARGET = 10.11;
				PRODUCT_BUNDLE_IDENTIFIER = "$(CPA_APPLICATION_BUNDLE_IDENTIFIER)";
				PRODUCT_NAME = iCepa;
				SDKROOT = macosx;
				SWIFT_OBJC_BRIDGING_HEADER = Mac/CPABridging.h;
				SWIFT_OPTIMIZATION_LEVEL = "-Owholemodule";
			};
			name = Release;
		};
		D095BFF01BBD626E0077E38B /* Debug */ = {
			isa = XCBuildConfiguration;
			baseConfigurationReference = D095BFF61BBD63850077E38B /* iCepa-Mac.xcconfig */;
			buildSettings = {
				CLANG_ENABLE_MODULES = YES;
				CODE_SIGN_ENTITLEMENTS = "Extension/iCepaTunnel-Mac.entitlements";
				CODE_SIGN_IDENTITY = "Mac Developer";
				COMBINE_HIDPI_IMAGES = YES;
				FRAMEWORK_SEARCH_PATHS = (
					"$(inherited)",
					"\"$(PROJECT_DIR)/Carthage/Build/Mac\"",
				);
				GCC_PREPROCESSOR_DEFINITIONS = (
					"DEBUG=1",
					"$(inherited)",
				);
				INFOPLIST_FILE = Extension/Info.plist;
				LD_RUNPATH_SEARCH_PATHS = "$(inherited) @executable_path/../Frameworks @executable_path/../../../../Frameworks";
				MACOSX_DEPLOYMENT_TARGET = 10.11;
				PRODUCT_BUNDLE_IDENTIFIER = "$(CPA_EXTENSION_BUNDLE_IDENTIFIER)";
				PRODUCT_NAME = iCepaTunnel;
				SDKROOT = macosx;
				SKIP_INSTALL = YES;
				SWIFT_OBJC_BRIDGING_HEADER = Extension/CPABridging.h;
				SWIFT_OPTIMIZATION_LEVEL = "-Onone";
				USER_HEADER_SEARCH_PATHS = "\"$(SRCROOT)/Extension/tun2tor\"";
			};
			name = Debug;
		};
		D095BFF11BBD626E0077E38B /* Release */ = {
			isa = XCBuildConfiguration;
			baseConfigurationReference = D095BFF61BBD63850077E38B /* iCepa-Mac.xcconfig */;
			buildSettings = {
				CLANG_ENABLE_MODULES = YES;
				CODE_SIGN_ENTITLEMENTS = "Extension/iCepaTunnel-Mac.entitlements";
				CODE_SIGN_IDENTITY = "Mac Developer";
				COMBINE_HIDPI_IMAGES = YES;
				FRAMEWORK_SEARCH_PATHS = (
					"$(inherited)",
					"\"$(PROJECT_DIR)/Carthage/Build/Mac\"",
				);
				INFOPLIST_FILE = Extension/Info.plist;
				LD_RUNPATH_SEARCH_PATHS = "$(inherited) @executable_path/../Frameworks @executable_path/../../../../Frameworks";
				MACOSX_DEPLOYMENT_TARGET = 10.11;
				PRODUCT_BUNDLE_IDENTIFIER = "$(CPA_EXTENSION_BUNDLE_IDENTIFIER)";
				PRODUCT_NAME = iCepaTunnel;
				SDKROOT = macosx;
				SKIP_INSTALL = YES;
				SWIFT_OBJC_BRIDGING_HEADER = Extension/CPABridging.h;
				SWIFT_OPTIMIZATION_LEVEL = "-Owholemodule";
				USER_HEADER_SEARCH_PATHS = "\"$(SRCROOT)/Extension/tun2tor\"";
			};
			name = Release;
		};
		D095C0001BBD69010077E38B /* Debug */ = {
			isa = XCBuildConfiguration;
			buildSettings = {
				PRODUCT_NAME = tun2tor;
				SDKROOT = macosx;
			};
			name = Debug;
		};
		D095C0011BBD69010077E38B /* Release */ = {
			isa = XCBuildConfiguration;
			buildSettings = {
				PRODUCT_NAME = tun2tor;
				SDKROOT = macosx;
			};
			name = Release;
		};
		D0F2D7E01BB5CC1B000E1D86 /* Debug */ = {
			isa = XCBuildConfiguration;
			buildSettings = {
				ALWAYS_SEARCH_USER_PATHS = NO;
				CLANG_CXX_LANGUAGE_STANDARD = "gnu++0x";
				CLANG_CXX_LIBRARY = "libc++";
				CLANG_ENABLE_MODULES = YES;
				CLANG_ENABLE_OBJC_ARC = YES;
				CLANG_WARN_BOOL_CONVERSION = YES;
				CLANG_WARN_CONSTANT_CONVERSION = YES;
				CLANG_WARN_DIRECT_OBJC_ISA_USAGE = YES_ERROR;
				CLANG_WARN_EMPTY_BODY = YES;
				CLANG_WARN_ENUM_CONVERSION = YES;
				CLANG_WARN_INFINITE_RECURSION = YES;
				CLANG_WARN_INT_CONVERSION = YES;
				CLANG_WARN_OBJC_ROOT_CLASS = YES_ERROR;
				CLANG_WARN_SUSPICIOUS_MOVE = YES;
				CLANG_WARN_UNREACHABLE_CODE = YES;
				CLANG_WARN__DUPLICATE_METHOD_MATCH = YES;
				"CODE_SIGN_IDENTITY[sdk=iphoneos*]" = "iPhone Developer";
				COPY_PHASE_STRIP = NO;
				DEBUG_INFORMATION_FORMAT = dwarf;
				ENABLE_BITCODE = NO;
				ENABLE_STRICT_OBJC_MSGSEND = YES;
				ENABLE_TESTABILITY = YES;
				GCC_C_LANGUAGE_STANDARD = gnu99;
				GCC_DYNAMIC_NO_PIC = NO;
				GCC_NO_COMMON_BLOCKS = YES;
				GCC_OPTIMIZATION_LEVEL = 0;
				GCC_PREPROCESSOR_DEFINITIONS = (
					"CPA_APPLICATION_GROUP=$(CPA_APPLICATION_GROUP)",
					"CPA_EXTENSION_BUNDLE_IDENTIFIER=$(CPA_EXTENSION_BUNDLE_IDENTIFIER)",
					"DEBUG=1",
				);
				GCC_WARN_64_TO_32_BIT_CONVERSION = YES;
				GCC_WARN_ABOUT_RETURN_TYPE = YES_ERROR;
				GCC_WARN_UNDECLARED_SELECTOR = YES;
				GCC_WARN_UNINITIALIZED_AUTOS = YES_AGGRESSIVE;
				GCC_WARN_UNUSED_FUNCTION = YES;
				GCC_WARN_UNUSED_VARIABLE = YES;
				IPHONEOS_DEPLOYMENT_TARGET = 10.0;
				MACOSX_DEPLOYMENT_TARGET = 10.11;
				ONLY_ACTIVE_ARCH = YES;
				SDKROOT = iphoneos;
				SWIFT_OPTIMIZATION_LEVEL = "-Onone";
				TARGETED_DEVICE_FAMILY = "1,2";
			};
			name = Debug;
		};
		D0F2D7E11BB5CC1B000E1D86 /* Release */ = {
			isa = XCBuildConfiguration;
			buildSettings = {
				ALWAYS_SEARCH_USER_PATHS = NO;
				CLANG_CXX_LANGUAGE_STANDARD = "gnu++0x";
				CLANG_CXX_LIBRARY = "libc++";
				CLANG_ENABLE_MODULES = YES;
				CLANG_ENABLE_OBJC_ARC = YES;
				CLANG_WARN_BOOL_CONVERSION = YES;
				CLANG_WARN_CONSTANT_CONVERSION = YES;
				CLANG_WARN_DIRECT_OBJC_ISA_USAGE = YES_ERROR;
				CLANG_WARN_EMPTY_BODY = YES;
				CLANG_WARN_ENUM_CONVERSION = YES;
				CLANG_WARN_INFINITE_RECURSION = YES;
				CLANG_WARN_INT_CONVERSION = YES;
				CLANG_WARN_OBJC_ROOT_CLASS = YES_ERROR;
				CLANG_WARN_SUSPICIOUS_MOVE = YES;
				CLANG_WARN_UNREACHABLE_CODE = YES;
				CLANG_WARN__DUPLICATE_METHOD_MATCH = YES;
				"CODE_SIGN_IDENTITY[sdk=iphoneos*]" = "iPhone Developer";
				COPY_PHASE_STRIP = NO;
				DEBUG_INFORMATION_FORMAT = "dwarf-with-dsym";
				ENABLE_BITCODE = NO;
				ENABLE_NS_ASSERTIONS = NO;
				ENABLE_STRICT_OBJC_MSGSEND = YES;
				GCC_C_LANGUAGE_STANDARD = gnu99;
				GCC_NO_COMMON_BLOCKS = YES;
				GCC_PREPROCESSOR_DEFINITIONS = (
					"CPA_APPLICATION_GROUP=$(CPA_APPLICATION_GROUP)",
					"CPA_EXTENSION_BUNDLE_IDENTIFIER=$(CPA_EXTENSION_BUNDLE_IDENTIFIER)",
				);
				GCC_WARN_64_TO_32_BIT_CONVERSION = YES;
				GCC_WARN_ABOUT_RETURN_TYPE = YES_ERROR;
				GCC_WARN_UNDECLARED_SELECTOR = YES;
				GCC_WARN_UNINITIALIZED_AUTOS = YES_AGGRESSIVE;
				GCC_WARN_UNUSED_FUNCTION = YES;
				GCC_WARN_UNUSED_VARIABLE = YES;
				IPHONEOS_DEPLOYMENT_TARGET = 10.0;
				MACOSX_DEPLOYMENT_TARGET = 10.11;
				SDKROOT = iphoneos;
				SWIFT_OPTIMIZATION_LEVEL = "-Owholemodule";
				TARGETED_DEVICE_FAMILY = "1,2";
				VALIDATE_PRODUCT = YES;
			};
			name = Release;
		};
		D0F2D7E31BB5CC1B000E1D86 /* Debug */ = {
			isa = XCBuildConfiguration;
			baseConfigurationReference = D095BFF71BBD638B0077E38B /* iCepa-iOS.xcconfig */;
			buildSettings = {
				ALWAYS_EMBED_SWIFT_STANDARD_LIBRARIES = YES;
				ASSETCATALOG_COMPILER_APPICON_NAME = AppIcon;
				CLANG_ENABLE_MODULES = YES;
				CODE_SIGN_ENTITLEMENTS = iOS/iCepa.entitlements;
				CODE_SIGN_IDENTITY = "iPhone Developer";
				"CODE_SIGN_IDENTITY[sdk=iphoneos*]" = "iPhone Developer";
				DEVELOPMENT_TEAM = "";
				FRAMEWORK_SEARCH_PATHS = (
					"$(inherited)",
					"$(PROJECT_DIR)/Carthage/Build/iOS",
				);
				INFOPLIST_FILE = iOS/Info.plist;
				LD_RUNPATH_SEARCH_PATHS = "$(inherited) @executable_path/Frameworks";
				PRODUCT_BUNDLE_IDENTIFIER = "$(CPA_APPLICATION_BUNDLE_IDENTIFIER)";
				PRODUCT_NAME = iCepa;
				PROVISIONING_PROFILE = "";
				PROVISIONING_PROFILE_SPECIFIER = "";
				SWIFT_OBJC_BRIDGING_HEADER = iOS/CPABridging.h;
				SWIFT_OPTIMIZATION_LEVEL = "-Onone";
				SWIFT_VERSION = 3.0;
			};
			name = Debug;
		};
		D0F2D7E41BB5CC1B000E1D86 /* Release */ = {
			isa = XCBuildConfiguration;
			baseConfigurationReference = D095BFF71BBD638B0077E38B /* iCepa-iOS.xcconfig */;
			buildSettings = {
				ALWAYS_EMBED_SWIFT_STANDARD_LIBRARIES = YES;
				ASSETCATALOG_COMPILER_APPICON_NAME = AppIcon;
				CLANG_ENABLE_MODULES = YES;
				CODE_SIGN_ENTITLEMENTS = iOS/iCepa.entitlements;
				CODE_SIGN_IDENTITY = "iPhone Developer";
				"CODE_SIGN_IDENTITY[sdk=iphoneos*]" = "iPhone Developer";
				DEVELOPMENT_TEAM = "";
				FRAMEWORK_SEARCH_PATHS = (
					"$(inherited)",
					"$(PROJECT_DIR)/Carthage/Build/iOS",
				);
				INFOPLIST_FILE = iOS/Info.plist;
				LD_RUNPATH_SEARCH_PATHS = "$(inherited) @executable_path/Frameworks";
				PRODUCT_BUNDLE_IDENTIFIER = "$(CPA_APPLICATION_BUNDLE_IDENTIFIER)";
				PRODUCT_NAME = iCepa;
				PROVISIONING_PROFILE = "";
				PROVISIONING_PROFILE_SPECIFIER = "";
				SWIFT_OBJC_BRIDGING_HEADER = iOS/CPABridging.h;
				SWIFT_OPTIMIZATION_LEVEL = "-Owholemodule";
				SWIFT_VERSION = 3.0;
			};
			name = Release;
		};
		D0F2D8081BB5D148000E1D86 /* Debug */ = {
			isa = XCBuildConfiguration;
			baseConfigurationReference = D095BFF71BBD638B0077E38B /* iCepa-iOS.xcconfig */;
			buildSettings = {
				CLANG_ENABLE_MODULES = YES;
				CODE_SIGN_ENTITLEMENTS = "Extension/iCepaTunnel-iOS.entitlements";
				CODE_SIGN_IDENTITY = "iPhone Developer";
				"CODE_SIGN_IDENTITY[sdk=iphoneos*]" = "iPhone Developer";
				DEVELOPMENT_TEAM = "";
				FRAMEWORK_SEARCH_PATHS = (
					"$(inherited)",
					"\"$(PROJECT_DIR)/Carthage/Build/iOS\"",
				);
				GCC_PREPROCESSOR_DEFINITIONS = (
					"DEBUG=1",
					"$(inherited)",
				);
				INFOPLIST_FILE = Extension/Info.plist;
				LD_RUNPATH_SEARCH_PATHS = "$(inherited) @executable_path/Frameworks @executable_path/../../Frameworks";
				PRODUCT_BUNDLE_IDENTIFIER = "$(CPA_EXTENSION_BUNDLE_IDENTIFIER)";
				PRODUCT_NAME = iCepaTunnel;
				PROVISIONING_PROFILE = "";
				PROVISIONING_PROFILE_SPECIFIER = "";
				SKIP_INSTALL = YES;
				SWIFT_OBJC_BRIDGING_HEADER = Extension/CPABridging.h;
				SWIFT_OPTIMIZATION_LEVEL = "-Onone";
				SWIFT_VERSION = 3.0;
				USER_HEADER_SEARCH_PATHS = "\"$(SRCROOT)/Extension/tun2tor\"";
			};
			name = Debug;
		};
		D0F2D8091BB5D148000E1D86 /* Release */ = {
			isa = XCBuildConfiguration;
			baseConfigurationReference = D095BFF71BBD638B0077E38B /* iCepa-iOS.xcconfig */;
			buildSettings = {
				CLANG_ENABLE_MODULES = YES;
				CODE_SIGN_ENTITLEMENTS = "Extension/iCepaTunnel-iOS.entitlements";
				CODE_SIGN_IDENTITY = "iPhone Developer";
				"CODE_SIGN_IDENTITY[sdk=iphoneos*]" = "iPhone Developer";
				DEVELOPMENT_TEAM = "";
				FRAMEWORK_SEARCH_PATHS = (
					"$(inherited)",
					"\"$(PROJECT_DIR)/Carthage/Build/iOS\"",
				);
				INFOPLIST_FILE = Extension/Info.plist;
				LD_RUNPATH_SEARCH_PATHS = "$(inherited) @executable_path/Frameworks @executable_path/../../Frameworks";
				PRODUCT_BUNDLE_IDENTIFIER = "$(CPA_EXTENSION_BUNDLE_IDENTIFIER)";
				PRODUCT_NAME = iCepaTunnel;
				PROVISIONING_PROFILE = "";
				PROVISIONING_PROFILE_SPECIFIER = "";
				SKIP_INSTALL = YES;
				SWIFT_OBJC_BRIDGING_HEADER = Extension/CPABridging.h;
				SWIFT_OPTIMIZATION_LEVEL = "-Owholemodule";
				SWIFT_VERSION = 3.0;
				USER_HEADER_SEARCH_PATHS = "\"$(SRCROOT)/Extension/tun2tor\"";
			};
			name = Release;
		};
/* End XCBuildConfiguration section */

/* Begin XCConfigurationList section */
		D01A936D1BBE98200047BB66 /* Build configuration list for PBXLegacyTarget "tun2tor-iOS" */ = {
			isa = XCConfigurationList;
			buildConfigurations = (
				D01A936B1BBE98200047BB66 /* Debug */,
				D01A936C1BBE98200047BB66 /* Release */,
			);
			defaultConfigurationIsVisible = 0;
			defaultConfigurationName = Release;
		};
		D065D0731CBF8BD30087FD3C /* Build configuration list for PBXAggregateTarget "iCepa-Mac-Run" */ = {
			isa = XCConfigurationList;
			buildConfigurations = (
				D065D0741CBF8BD30087FD3C /* Debug */,
				D065D0751CBF8BD30087FD3C /* Release */,
			);
			defaultConfigurationIsVisible = 0;
			defaultConfigurationName = Release;
		};
		D095BFDB1BBD621D0077E38B /* Build configuration list for PBXNativeTarget "iCepa-Mac" */ = {
			isa = XCConfigurationList;
			buildConfigurations = (
				D095BFDC1BBD621D0077E38B /* Debug */,
				D095BFDD1BBD621D0077E38B /* Release */,
			);
			defaultConfigurationIsVisible = 0;
			defaultConfigurationName = Release;
		};
		D095BFEF1BBD626E0077E38B /* Build configuration list for PBXNativeTarget "iCepaTunnel-Mac" */ = {
			isa = XCConfigurationList;
			buildConfigurations = (
				D095BFF01BBD626E0077E38B /* Debug */,
				D095BFF11BBD626E0077E38B /* Release */,
			);
			defaultConfigurationIsVisible = 0;
			defaultConfigurationName = Release;
		};
		D095BFFF1BBD69010077E38B /* Build configuration list for PBXLegacyTarget "tun2tor-Mac" */ = {
			isa = XCConfigurationList;
			buildConfigurations = (
				D095C0001BBD69010077E38B /* Debug */,
				D095C0011BBD69010077E38B /* Release */,
			);
			defaultConfigurationIsVisible = 0;
			defaultConfigurationName = Release;
		};
		D0F2D7CB1BB5CC1B000E1D86 /* Build configuration list for PBXProject "iCepa" */ = {
			isa = XCConfigurationList;
			buildConfigurations = (
				D0F2D7E01BB5CC1B000E1D86 /* Debug */,
				D0F2D7E11BB5CC1B000E1D86 /* Release */,
			);
			defaultConfigurationIsVisible = 0;
			defaultConfigurationName = Release;
		};
		D0F2D7E21BB5CC1B000E1D86 /* Build configuration list for PBXNativeTarget "iCepa-iOS" */ = {
			isa = XCConfigurationList;
			buildConfigurations = (
				D0F2D7E31BB5CC1B000E1D86 /* Debug */,
				D0F2D7E41BB5CC1B000E1D86 /* Release */,
			);
			defaultConfigurationIsVisible = 0;
			defaultConfigurationName = Release;
		};
		D0F2D8071BB5D148000E1D86 /* Build configuration list for PBXNativeTarget "iCepaTunnel-iOS" */ = {
			isa = XCConfigurationList;
			buildConfigurations = (
				D0F2D8081BB5D148000E1D86 /* Debug */,
				D0F2D8091BB5D148000E1D86 /* Release */,
			);
			defaultConfigurationIsVisible = 0;
			defaultConfigurationName = Release;
		};
/* End XCConfigurationList section */
	};
	rootObject = D0F2D7C81BB5CC1B000E1D86 /* Project object */;
}
