// !$*UTF8*$!
{
	archiveVersion = 1;
	classes = {
	};
	objectVersion = 51;
	objects = {

/* Begin PBXBuildFile section */
		31E151BC94D5763DF8D173E8 /* Pods_TorVPN.framework in Frameworks */ = {isa = PBXBuildFile; fileRef = 2D6E47E342E2CBFC3A05A241 /* Pods_TorVPN.framework */; };
		A05B73B424755CE600930C40 /* AppDelegate.swift in Sources */ = {isa = PBXBuildFile; fileRef = A05B73B324755CE600930C40 /* AppDelegate.swift */; };
		A05B73B824755CE600930C40 /* ViewController.swift in Sources */ = {isa = PBXBuildFile; fileRef = A05B73B724755CE600930C40 /* ViewController.swift */; };
		A05B73BB24755CE600930C40 /* Main.storyboard in Resources */ = {isa = PBXBuildFile; fileRef = A05B73B924755CE600930C40 /* Main.storyboard */; };
		A05B73BD24755CE700930C40 /* Assets.xcassets in Resources */ = {isa = PBXBuildFile; fileRef = A05B73BC24755CE700930C40 /* Assets.xcassets */; };
		A05B73C024755CE700930C40 /* LaunchScreen.storyboard in Resources */ = {isa = PBXBuildFile; fileRef = A05B73BE24755CE700930C40 /* LaunchScreen.storyboard */; };
		A06470112477D66500311CBE /* Tor.framework in Frameworks */ = {isa = PBXBuildFile; fileRef = A064700D2477D54700311CBE /* Tor.framework */; };
		A06470122477D66500311CBE /* Tor.framework in Embed Frameworks */ = {isa = PBXBuildFile; fileRef = A064700D2477D54700311CBE /* Tor.framework */; settings = {ATTRIBUTES = (CodeSignOnCopy, RemoveHeadersOnCopy, ); }; };
		A06470142477D66A00311CBE /* Tor.framework in Frameworks */ = {isa = PBXBuildFile; fileRef = A064700D2477D54700311CBE /* Tor.framework */; };
		A06470152477D66A00311CBE /* Tor.framework in Embed Frameworks */ = {isa = PBXBuildFile; fileRef = A064700D2477D54700311CBE /* Tor.framework */; settings = {ATTRIBUTES = (CodeSignOnCopy, RemoveHeadersOnCopy, ); }; };
		A0A735C224755DF700073C81 /* NetworkExtension.framework in Frameworks */ = {isa = PBXBuildFile; fileRef = A0A735C124755DF700073C81 /* NetworkExtension.framework */; };
		A0A735D0247561F200073C81 /* PacketTunnelProvider.swift in Sources */ = {isa = PBXBuildFile; fileRef = A0A735CF247561F200073C81 /* PacketTunnelProvider.swift */; };
		A0A735D5247561F200073C81 /* TorVPN.appex in Embed App Extensions */ = {isa = PBXBuildFile; fileRef = A0A735CD247561F200073C81 /* TorVPN.appex */; settings = {ATTRIBUTES = (RemoveHeadersOnCopy, ); }; };
		A0A735DB2475623700073C81 /* NetworkExtension.framework in Frameworks */ = {isa = PBXBuildFile; fileRef = A0A735C124755DF700073C81 /* NetworkExtension.framework */; };
		A0A735E1247566CD00073C81 /* Config.m in Sources */ = {isa = PBXBuildFile; fileRef = A0A735E0247566CD00073C81 /* Config.m */; };
		A0A735E2247566CD00073C81 /* Config.m in Sources */ = {isa = PBXBuildFile; fileRef = A0A735E0247566CD00073C81 /* Config.m */; };
		A0A735E42475679800073C81 /* Config.swift in Sources */ = {isa = PBXBuildFile; fileRef = A0A735E32475679800073C81 /* Config.swift */; };
		A0A735E52475679800073C81 /* Config.swift in Sources */ = {isa = PBXBuildFile; fileRef = A0A735E32475679800073C81 /* Config.swift */; };
		A0A735EA24756CA200073C81 /* CloseCircuitsMessage.swift in Sources */ = {isa = PBXBuildFile; fileRef = A0A735E724756CA200073C81 /* CloseCircuitsMessage.swift */; };
		A0A735EB24756CA200073C81 /* CloseCircuitsMessage.swift in Sources */ = {isa = PBXBuildFile; fileRef = A0A735E724756CA200073C81 /* CloseCircuitsMessage.swift */; };
		A0A735EC24756CA200073C81 /* Message.swift in Sources */ = {isa = PBXBuildFile; fileRef = A0A735E824756CA200073C81 /* Message.swift */; };
		A0A735ED24756CA200073C81 /* Message.swift in Sources */ = {isa = PBXBuildFile; fileRef = A0A735E824756CA200073C81 /* Message.swift */; };
		A0A735EE24756CA200073C81 /* GetCircuitsMessage.swift in Sources */ = {isa = PBXBuildFile; fileRef = A0A735E924756CA200073C81 /* GetCircuitsMessage.swift */; };
		A0A735EF24756CA200073C81 /* GetCircuitsMessage.swift in Sources */ = {isa = PBXBuildFile; fileRef = A0A735E924756CA200073C81 /* GetCircuitsMessage.swift */; };
		A0A735F224756D6B00073C81 /* FileManager+Helpers.swift in Sources */ = {isa = PBXBuildFile; fileRef = A0A735F124756D6B00073C81 /* FileManager+Helpers.swift */; };
		A0A735F324756D6B00073C81 /* FileManager+Helpers.swift in Sources */ = {isa = PBXBuildFile; fileRef = A0A735F124756D6B00073C81 /* FileManager+Helpers.swift */; };
		A0A735F524757FA400073C81 /* ProgressMessage.swift in Sources */ = {isa = PBXBuildFile; fileRef = A0A735F424757FA400073C81 /* ProgressMessage.swift */; };
		A0A735F624757FA400073C81 /* ProgressMessage.swift in Sources */ = {isa = PBXBuildFile; fileRef = A0A735F424757FA400073C81 /* ProgressMessage.swift */; };
		A0A73603247584EE00073C81 /* VpnManager.swift in Sources */ = {isa = PBXBuildFile; fileRef = A0A73602247584EE00073C81 /* VpnManager.swift */; };
		A0A736052475851D00073C81 /* Bundle+Helpers.swift in Sources */ = {isa = PBXBuildFile; fileRef = A0A736042475851D00073C81 /* Bundle+Helpers.swift */; };
		A0A736062475851D00073C81 /* Bundle+Helpers.swift in Sources */ = {isa = PBXBuildFile; fileRef = A0A736042475851D00073C81 /* Bundle+Helpers.swift */; };
		A0A73608247587D300073C81 /* UIButton+Helpers.swift in Sources */ = {isa = PBXBuildFile; fileRef = A0A73607247587D300073C81 /* UIButton+Helpers.swift */; };
		A0A73609247587D300073C81 /* UIButton+Helpers.swift in Sources */ = {isa = PBXBuildFile; fileRef = A0A73607247587D300073C81 /* UIButton+Helpers.swift */; };
		A5445C28740CC946E8C5C0FA /* Pods_iCepa.framework in Frameworks */ = {isa = PBXBuildFile; fileRef = 8C078DF9171B7034766397E7 /* Pods_iCepa.framework */; };
/* End PBXBuildFile section */

/* Begin PBXContainerItemProxy section */
		A0A735D3247561F200073C81 /* PBXContainerItemProxy */ = {
			isa = PBXContainerItemProxy;
			containerPortal = A05B73A824755CE600930C40 /* Project object */;
			proxyType = 1;
			remoteGlobalIDString = A0A735CC247561F200073C81;
			remoteInfo = TorVPN;
		};
/* End PBXContainerItemProxy section */

/* Begin PBXCopyFilesBuildPhase section */
		A06470132477D66500311CBE /* Embed Frameworks */ = {
			isa = PBXCopyFilesBuildPhase;
			buildActionMask = 2147483647;
			dstPath = "";
			dstSubfolderSpec = 10;
			files = (
				A06470122477D66500311CBE /* Tor.framework in Embed Frameworks */,
			);
			name = "Embed Frameworks";
			runOnlyForDeploymentPostprocessing = 0;
		};
		A06470162477D66A00311CBE /* Embed Frameworks */ = {
			isa = PBXCopyFilesBuildPhase;
			buildActionMask = 2147483647;
			dstPath = "";
			dstSubfolderSpec = 10;
			files = (
				A06470152477D66A00311CBE /* Tor.framework in Embed Frameworks */,
			);
			name = "Embed Frameworks";
			runOnlyForDeploymentPostprocessing = 0;
		};
		A0A735D9247561F200073C81 /* Embed App Extensions */ = {
			isa = PBXCopyFilesBuildPhase;
			buildActionMask = 2147483647;
			dstPath = "";
			dstSubfolderSpec = 13;
			files = (
				A0A735D5247561F200073C81 /* TorVPN.appex in Embed App Extensions */,
			);
			name = "Embed App Extensions";
			runOnlyForDeploymentPostprocessing = 0;
		};
/* End PBXCopyFilesBuildPhase section */

/* Begin PBXFileReference section */
		2D6E47E342E2CBFC3A05A241 /* Pods_TorVPN.framework */ = {isa = PBXFileReference; explicitFileType = wrapper.framework; includeInIndex = 0; path = Pods_TorVPN.framework; sourceTree = BUILT_PRODUCTS_DIR; };
		8C078DF9171B7034766397E7 /* Pods_iCepa.framework */ = {isa = PBXFileReference; explicitFileType = wrapper.framework; includeInIndex = 0; path = Pods_iCepa.framework; sourceTree = BUILT_PRODUCTS_DIR; };
		A05B73B024755CE600930C40 /* iCepa.app */ = {isa = PBXFileReference; explicitFileType = wrapper.application; includeInIndex = 0; path = iCepa.app; sourceTree = BUILT_PRODUCTS_DIR; };
		A05B73B324755CE600930C40 /* AppDelegate.swift */ = {isa = PBXFileReference; lastKnownFileType = sourcecode.swift; path = AppDelegate.swift; sourceTree = "<group>"; };
		A05B73B724755CE600930C40 /* ViewController.swift */ = {isa = PBXFileReference; lastKnownFileType = sourcecode.swift; path = ViewController.swift; sourceTree = "<group>"; };
		A05B73BA24755CE600930C40 /* Base */ = {isa = PBXFileReference; lastKnownFileType = file.storyboard; name = Base; path = Base.lproj/Main.storyboard; sourceTree = "<group>"; };
		A05B73BC24755CE700930C40 /* Assets.xcassets */ = {isa = PBXFileReference; lastKnownFileType = folder.assetcatalog; path = Assets.xcassets; sourceTree = "<group>"; };
		A05B73BF24755CE700930C40 /* Base */ = {isa = PBXFileReference; lastKnownFileType = file.storyboard; name = Base; path = Base.lproj/LaunchScreen.storyboard; sourceTree = "<group>"; };
		A05B73C124755CE700930C40 /* Info.plist */ = {isa = PBXFileReference; lastKnownFileType = text.plist.xml; path = Info.plist; sourceTree = "<group>"; };
		A064700D2477D54700311CBE /* Tor.framework */ = {isa = PBXFileReference; explicitFileType = wrapper.framework; path = Tor.framework; sourceTree = BUILT_PRODUCTS_DIR; };
		A0A735C024755DCB00073C81 /* iCepa.entitlements */ = {isa = PBXFileReference; lastKnownFileType = text.plist.entitlements; path = iCepa.entitlements; sourceTree = "<group>"; };
		A0A735C124755DF700073C81 /* NetworkExtension.framework */ = {isa = PBXFileReference; lastKnownFileType = wrapper.framework; name = NetworkExtension.framework; path = System/Library/Frameworks/NetworkExtension.framework; sourceTree = SDKROOT; };
		A0A735C424755E2100073C81 /* Podfile.lock */ = {isa = PBXFileReference; lastKnownFileType = text; path = Podfile.lock; sourceTree = "<group>"; xcLanguageSpecificationIdentifier = xcode.lang.ruby; };
		A0A735C524755E2100073C81 /* Podfile */ = {isa = PBXFileReference; lastKnownFileType = text; path = Podfile; sourceTree = "<group>"; xcLanguageSpecificationIdentifier = xcode.lang.ruby; };
		A0A735C624755F2200073C81 /* .gitignore */ = {isa = PBXFileReference; lastKnownFileType = text; path = .gitignore; sourceTree = "<group>"; };
		A0A735CD247561F200073C81 /* TorVPN.appex */ = {isa = PBXFileReference; explicitFileType = "wrapper.app-extension"; includeInIndex = 0; path = TorVPN.appex; sourceTree = BUILT_PRODUCTS_DIR; };
		A0A735CF247561F200073C81 /* PacketTunnelProvider.swift */ = {isa = PBXFileReference; lastKnownFileType = sourcecode.swift; path = PacketTunnelProvider.swift; sourceTree = "<group>"; };
		A0A735D1247561F200073C81 /* Info.plist */ = {isa = PBXFileReference; lastKnownFileType = text.plist.xml; path = Info.plist; sourceTree = "<group>"; };
		A0A735D2247561F200073C81 /* TorVPN.entitlements */ = {isa = PBXFileReference; lastKnownFileType = text.plist.entitlements; path = TorVPN.entitlements; sourceTree = "<group>"; };
		A0A735DC2475628F00073C81 /* Config.xcconfig */ = {isa = PBXFileReference; lastKnownFileType = text.xcconfig; path = Config.xcconfig; sourceTree = "<group>"; };
		A0A735DD247566CC00073C81 /* iCepa-Bridging-Header.h */ = {isa = PBXFileReference; lastKnownFileType = sourcecode.c.h; path = "iCepa-Bridging-Header.h"; sourceTree = "<group>"; };
		A0A735DE247566CC00073C81 /* TorVPN-Bridging-Header.h */ = {isa = PBXFileReference; lastKnownFileType = sourcecode.c.h; path = "TorVPN-Bridging-Header.h"; sourceTree = "<group>"; };
		A0A735DF247566CD00073C81 /* Config.h */ = {isa = PBXFileReference; lastKnownFileType = sourcecode.c.h; path = Config.h; sourceTree = "<group>"; };
		A0A735E0247566CD00073C81 /* Config.m */ = {isa = PBXFileReference; lastKnownFileType = sourcecode.c.objc; path = Config.m; sourceTree = "<group>"; };
		A0A735E32475679800073C81 /* Config.swift */ = {isa = PBXFileReference; lastKnownFileType = sourcecode.swift; path = Config.swift; sourceTree = "<group>"; };
		A0A735E724756CA200073C81 /* CloseCircuitsMessage.swift */ = {isa = PBXFileReference; fileEncoding = 4; lastKnownFileType = sourcecode.swift; path = CloseCircuitsMessage.swift; sourceTree = "<group>"; };
		A0A735E824756CA200073C81 /* Message.swift */ = {isa = PBXFileReference; fileEncoding = 4; lastKnownFileType = sourcecode.swift; path = Message.swift; sourceTree = "<group>"; };
		A0A735E924756CA200073C81 /* GetCircuitsMessage.swift */ = {isa = PBXFileReference; fileEncoding = 4; lastKnownFileType = sourcecode.swift; path = GetCircuitsMessage.swift; sourceTree = "<group>"; };
		A0A735F124756D6B00073C81 /* FileManager+Helpers.swift */ = {isa = PBXFileReference; fileEncoding = 4; lastKnownFileType = sourcecode.swift; path = "FileManager+Helpers.swift"; sourceTree = "<group>"; };
		A0A735F424757FA400073C81 /* ProgressMessage.swift */ = {isa = PBXFileReference; fileEncoding = 4; lastKnownFileType = sourcecode.swift; path = ProgressMessage.swift; sourceTree = "<group>"; };
		A0A735F72475804800073C81 /* .gitmodules */ = {isa = PBXFileReference; fileEncoding = 4; lastKnownFileType = text; path = .gitmodules; sourceTree = "<group>"; };
		A0A73602247584EE00073C81 /* VpnManager.swift */ = {isa = PBXFileReference; fileEncoding = 4; lastKnownFileType = sourcecode.swift; path = VpnManager.swift; sourceTree = "<group>"; };
		A0A736042475851D00073C81 /* Bundle+Helpers.swift */ = {isa = PBXFileReference; fileEncoding = 4; lastKnownFileType = sourcecode.swift; path = "Bundle+Helpers.swift"; sourceTree = "<group>"; };
		A0A73607247587D300073C81 /* UIButton+Helpers.swift */ = {isa = PBXFileReference; fileEncoding = 4; lastKnownFileType = sourcecode.swift; path = "UIButton+Helpers.swift"; sourceTree = "<group>"; };
		B97A8F56E0F8DD7206C1FA14 /* Pods-iCepa.debug.xcconfig */ = {isa = PBXFileReference; includeInIndex = 1; lastKnownFileType = text.xcconfig; name = "Pods-iCepa.debug.xcconfig"; path = "Target Support Files/Pods-iCepa/Pods-iCepa.debug.xcconfig"; sourceTree = "<group>"; };
		BA3E6397C157544CEA3CA28D /* Pods-TorVPN.release.xcconfig */ = {isa = PBXFileReference; includeInIndex = 1; lastKnownFileType = text.xcconfig; name = "Pods-TorVPN.release.xcconfig"; path = "Target Support Files/Pods-TorVPN/Pods-TorVPN.release.xcconfig"; sourceTree = "<group>"; };
		CB2AC54866A669B1EF53DA4E /* Pods-iCepa.release.xcconfig */ = {isa = PBXFileReference; includeInIndex = 1; lastKnownFileType = text.xcconfig; name = "Pods-iCepa.release.xcconfig"; path = "Target Support Files/Pods-iCepa/Pods-iCepa.release.xcconfig"; sourceTree = "<group>"; };
		FC6B77D8E3D9B67DE283B98C /* Pods-TorVPN.debug.xcconfig */ = {isa = PBXFileReference; includeInIndex = 1; lastKnownFileType = text.xcconfig; name = "Pods-TorVPN.debug.xcconfig"; path = "Target Support Files/Pods-TorVPN/Pods-TorVPN.debug.xcconfig"; sourceTree = "<group>"; };
/* End PBXFileReference section */

/* Begin PBXFrameworksBuildPhase section */
		A05B73AD24755CE600930C40 /* Frameworks */ = {
			isa = PBXFrameworksBuildPhase;
			buildActionMask = 2147483647;
			files = (
				A06470112477D66500311CBE /* Tor.framework in Frameworks */,
				A0A735C224755DF700073C81 /* NetworkExtension.framework in Frameworks */,
				A5445C28740CC946E8C5C0FA /* Pods_iCepa.framework in Frameworks */,
			);
			runOnlyForDeploymentPostprocessing = 0;
		};
		A0A735CA247561F200073C81 /* Frameworks */ = {
			isa = PBXFrameworksBuildPhase;
			buildActionMask = 2147483647;
			files = (
				A06470142477D66A00311CBE /* Tor.framework in Frameworks */,
				A0A735DB2475623700073C81 /* NetworkExtension.framework in Frameworks */,
				31E151BC94D5763DF8D173E8 /* Pods_TorVPN.framework in Frameworks */,
			);
			runOnlyForDeploymentPostprocessing = 0;
		};
/* End PBXFrameworksBuildPhase section */

/* Begin PBXGroup section */
		A05B73A724755CE600930C40 = {
			isa = PBXGroup;
			children = (
				A0A735C324755E0C00073C81 /* Build */,
				A05B73B224755CE600930C40 /* iCepa */,
				A0A735DA2475621400073C81 /* Shared */,
				A0A735CE247561F200073C81 /* TorVPN */,
				A05B73B124755CE600930C40 /* Products */,
				A53EFD1654E1809EC93A8DBC /* Pods */,
				B492266852BAC9D548C91D19 /* Frameworks */,
			);
			sourceTree = "<group>";
		};
		A05B73B124755CE600930C40 /* Products */ = {
			isa = PBXGroup;
			children = (
				A05B73B024755CE600930C40 /* iCepa.app */,
				A0A735CD247561F200073C81 /* TorVPN.appex */,
			);
			name = Products;
			sourceTree = "<group>";
		};
		A05B73B224755CE600930C40 /* iCepa */ = {
			isa = PBXGroup;
			children = (
				A05B73B324755CE600930C40 /* AppDelegate.swift */,
				A05B73B724755CE600930C40 /* ViewController.swift */,
				A0A73602247584EE00073C81 /* VpnManager.swift */,
				A05B73BC24755CE700930C40 /* Assets.xcassets */,
				A05B73B924755CE600930C40 /* Main.storyboard */,
				A05B73BE24755CE700930C40 /* LaunchScreen.storyboard */,
				A0A735DD247566CC00073C81 /* iCepa-Bridging-Header.h */,
				A05B73C124755CE700930C40 /* Info.plist */,
				A0A735C024755DCB00073C81 /* iCepa.entitlements */,
			);
			path = iCepa;
			sourceTree = "<group>";
		};
		A0A735C324755E0C00073C81 /* Build */ = {
			isa = PBXGroup;
			children = (
				A0A735C624755F2200073C81 /* .gitignore */,
				A0A735F72475804800073C81 /* .gitmodules */,
				A0A735C524755E2100073C81 /* Podfile */,
				A0A735C424755E2100073C81 /* Podfile.lock */,
			);
			name = Build;
			sourceTree = "<group>";
		};
		A0A735CE247561F200073C81 /* TorVPN */ = {
			isa = PBXGroup;
			children = (
				A0A735CF247561F200073C81 /* PacketTunnelProvider.swift */,
				A0A735DE247566CC00073C81 /* TorVPN-Bridging-Header.h */,
				A0A735D1247561F200073C81 /* Info.plist */,
				A0A735D2247561F200073C81 /* TorVPN.entitlements */,
			);
			path = TorVPN;
			sourceTree = "<group>";
		};
		A0A735DA2475621400073C81 /* Shared */ = {
			isa = PBXGroup;
			children = (
				A0A735E624756C8E00073C81 /* Messages */,
				A0A735F024756D5600073C81 /* Helpers */,
				A0A735DC2475628F00073C81 /* Config.xcconfig */,
				A0A735DF247566CD00073C81 /* Config.h */,
				A0A735E0247566CD00073C81 /* Config.m */,
				A0A735E32475679800073C81 /* Config.swift */,
			);
			path = Shared;
			sourceTree = "<group>";
		};
		A0A735E624756C8E00073C81 /* Messages */ = {
			isa = PBXGroup;
			children = (
				A0A735E724756CA200073C81 /* CloseCircuitsMessage.swift */,
				A0A735F424757FA400073C81 /* ProgressMessage.swift */,
				A0A735E924756CA200073C81 /* GetCircuitsMessage.swift */,
				A0A735E824756CA200073C81 /* Message.swift */,
			);
			path = Messages;
			sourceTree = "<group>";
		};
		A0A735F024756D5600073C81 /* Helpers */ = {
			isa = PBXGroup;
			children = (
				A0A736042475851D00073C81 /* Bundle+Helpers.swift */,
				A0A735F124756D6B00073C81 /* FileManager+Helpers.swift */,
				A0A73607247587D300073C81 /* UIButton+Helpers.swift */,
			);
			path = Helpers;
			sourceTree = "<group>";
		};
		A53EFD1654E1809EC93A8DBC /* Pods */ = {
			isa = PBXGroup;
			children = (
				B97A8F56E0F8DD7206C1FA14 /* Pods-iCepa.debug.xcconfig */,
				CB2AC54866A669B1EF53DA4E /* Pods-iCepa.release.xcconfig */,
				FC6B77D8E3D9B67DE283B98C /* Pods-TorVPN.debug.xcconfig */,
				BA3E6397C157544CEA3CA28D /* Pods-TorVPN.release.xcconfig */,
			);
			path = Pods;
			sourceTree = "<group>";
		};
		B492266852BAC9D548C91D19 /* Frameworks */ = {
			isa = PBXGroup;
			children = (
				A064700D2477D54700311CBE /* Tor.framework */,
				A0A735C124755DF700073C81 /* NetworkExtension.framework */,
				2D6E47E342E2CBFC3A05A241 /* Pods_TorVPN.framework */,
				8C078DF9171B7034766397E7 /* Pods_iCepa.framework */,
			);
			name = Frameworks;
			sourceTree = "<group>";
		};
/* End PBXGroup section */

/* Begin PBXNativeTarget section */
		A05B73AF24755CE600930C40 /* iCepa */ = {
			isa = PBXNativeTarget;
			buildConfigurationList = A05B73C424755CE700930C40 /* Build configuration list for PBXNativeTarget "iCepa" */;
			buildPhases = (
				8E4701B3DB5DDBD970B64164 /* [CP] Check Pods Manifest.lock */,
				A05B73AC24755CE600930C40 /* Sources */,
				A05B73AD24755CE600930C40 /* Frameworks */,
				A05B73AE24755CE600930C40 /* Resources */,
				A0A735D9247561F200073C81 /* Embed App Extensions */,
				5726CD5B59754819A2F13507 /* [CP] Embed Pods Frameworks */,
				A06470132477D66500311CBE /* Embed Frameworks */,
			);
			buildRules = (
			);
			dependencies = (
				A0A735D4247561F200073C81 /* PBXTargetDependency */,
			);
			name = iCepa;
			productName = iCepa;
			productReference = A05B73B024755CE600930C40 /* iCepa.app */;
			productType = "com.apple.product-type.application";
		};
		A0A735CC247561F200073C81 /* TorVPN */ = {
			isa = PBXNativeTarget;
			buildConfigurationList = A0A735D6247561F200073C81 /* Build configuration list for PBXNativeTarget "TorVPN" */;
			buildPhases = (
				E106A27B8D0B93AAA622196B /* [CP] Check Pods Manifest.lock */,
				A0A735C9247561F200073C81 /* Sources */,
				A0A735CA247561F200073C81 /* Frameworks */,
				A0A735CB247561F200073C81 /* Resources */,
				A06470162477D66A00311CBE /* Embed Frameworks */,
			);
			buildRules = (
			);
			dependencies = (
			);
			name = TorVPN;
			productName = TorVPN;
			productReference = A0A735CD247561F200073C81 /* TorVPN.appex */;
			productType = "com.apple.product-type.app-extension";
		};
/* End PBXNativeTarget section */

/* Begin PBXProject section */
		A05B73A824755CE600930C40 /* Project object */ = {
			isa = PBXProject;
			attributes = {
				LastSwiftUpdateCheck = 1140;
				LastUpgradeCheck = 1140;
				ORGANIZATIONNAME = "Guardian Project";
				TargetAttributes = {
					A05B73AF24755CE600930C40 = {
						CreatedOnToolsVersion = 11.4.1;
						LastSwiftMigration = 1140;
					};
					A0A735CC247561F200073C81 = {
						CreatedOnToolsVersion = 11.4.1;
						LastSwiftMigration = 1140;
					};
				};
			};
			buildConfigurationList = A05B73AB24755CE600930C40 /* Build configuration list for PBXProject "iCepa" */;
			compatibilityVersion = "Xcode 9.3";
			developmentRegion = en;
			hasScannedForEncodings = 0;
			knownRegions = (
				en,
				Base,
			);
			mainGroup = A05B73A724755CE600930C40;
			productRefGroup = A05B73B124755CE600930C40 /* Products */;
			projectDirPath = "";
			projectRoot = "";
			targets = (
				A05B73AF24755CE600930C40 /* iCepa */,
				A0A735CC247561F200073C81 /* TorVPN */,
			);
		};
/* End PBXProject section */

/* Begin PBXResourcesBuildPhase section */
		A05B73AE24755CE600930C40 /* Resources */ = {
			isa = PBXResourcesBuildPhase;
			buildActionMask = 2147483647;
			files = (
				A05B73C024755CE700930C40 /* LaunchScreen.storyboard in Resources */,
				A05B73BD24755CE700930C40 /* Assets.xcassets in Resources */,
				A05B73BB24755CE600930C40 /* Main.storyboard in Resources */,
			);
			runOnlyForDeploymentPostprocessing = 0;
		};
		A0A735CB247561F200073C81 /* Resources */ = {
			isa = PBXResourcesBuildPhase;
			buildActionMask = 2147483647;
			files = (
			);
			runOnlyForDeploymentPostprocessing = 0;
		};
/* End PBXResourcesBuildPhase section */

/* Begin PBXShellScriptBuildPhase section */
		5726CD5B59754819A2F13507 /* [CP] Embed Pods Frameworks */ = {
			isa = PBXShellScriptBuildPhase;
			buildActionMask = 2147483647;
			files = (
			);
			inputFileListPaths = (
				"${PODS_ROOT}/Target Support Files/Pods-iCepa/Pods-iCepa-frameworks-${CONFIGURATION}-input-files.xcfilelist",
			);
			name = "[CP] Embed Pods Frameworks";
			outputFileListPaths = (
				"${PODS_ROOT}/Target Support Files/Pods-iCepa/Pods-iCepa-frameworks-${CONFIGURATION}-output-files.xcfilelist",
			);
			runOnlyForDeploymentPostprocessing = 0;
			shellPath = /bin/sh;
			shellScript = "\"${PODS_ROOT}/Target Support Files/Pods-iCepa/Pods-iCepa-frameworks.sh\"\n";
			showEnvVarsInLog = 0;
		};
		8E4701B3DB5DDBD970B64164 /* [CP] Check Pods Manifest.lock */ = {
			isa = PBXShellScriptBuildPhase;
			buildActionMask = 2147483647;
			files = (
			);
			inputFileListPaths = (
			);
			inputPaths = (
				"${PODS_PODFILE_DIR_PATH}/Podfile.lock",
				"${PODS_ROOT}/Manifest.lock",
			);
			name = "[CP] Check Pods Manifest.lock";
			outputFileListPaths = (
			);
			outputPaths = (
				"$(DERIVED_FILE_DIR)/Pods-iCepa-checkManifestLockResult.txt",
			);
			runOnlyForDeploymentPostprocessing = 0;
			shellPath = /bin/sh;
			shellScript = "diff \"${PODS_PODFILE_DIR_PATH}/Podfile.lock\" \"${PODS_ROOT}/Manifest.lock\" > /dev/null\nif [ $? != 0 ] ; then\n    # print error to STDERR\n    echo \"error: The sandbox is not in sync with the Podfile.lock. Run 'pod install' or update your CocoaPods installation.\" >&2\n    exit 1\nfi\n# This output is used by Xcode 'outputs' to avoid re-running this script phase.\necho \"SUCCESS\" > \"${SCRIPT_OUTPUT_FILE_0}\"\n";
			showEnvVarsInLog = 0;
		};
		E106A27B8D0B93AAA622196B /* [CP] Check Pods Manifest.lock */ = {
			isa = PBXShellScriptBuildPhase;
			buildActionMask = 2147483647;
			files = (
			);
			inputFileListPaths = (
			);
			inputPaths = (
				"${PODS_PODFILE_DIR_PATH}/Podfile.lock",
				"${PODS_ROOT}/Manifest.lock",
			);
			name = "[CP] Check Pods Manifest.lock";
			outputFileListPaths = (
			);
			outputPaths = (
				"$(DERIVED_FILE_DIR)/Pods-TorVPN-checkManifestLockResult.txt",
			);
			runOnlyForDeploymentPostprocessing = 0;
			shellPath = /bin/sh;
			shellScript = "diff \"${PODS_PODFILE_DIR_PATH}/Podfile.lock\" \"${PODS_ROOT}/Manifest.lock\" > /dev/null\nif [ $? != 0 ] ; then\n    # print error to STDERR\n    echo \"error: The sandbox is not in sync with the Podfile.lock. Run 'pod install' or update your CocoaPods installation.\" >&2\n    exit 1\nfi\n# This output is used by Xcode 'outputs' to avoid re-running this script phase.\necho \"SUCCESS\" > \"${SCRIPT_OUTPUT_FILE_0}\"\n";
			showEnvVarsInLog = 0;
		};
/* End PBXShellScriptBuildPhase section */

/* Begin PBXSourcesBuildPhase section */
		A05B73AC24755CE600930C40 /* Sources */ = {
			isa = PBXSourcesBuildPhase;
			buildActionMask = 2147483647;
			files = (
				A0A735EA24756CA200073C81 /* CloseCircuitsMessage.swift in Sources */,
				A0A73608247587D300073C81 /* UIButton+Helpers.swift in Sources */,
				A0A736052475851D00073C81 /* Bundle+Helpers.swift in Sources */,
				A05B73B824755CE600930C40 /* ViewController.swift in Sources */,
				A0A73603247584EE00073C81 /* VpnManager.swift in Sources */,
				A0A735EE24756CA200073C81 /* GetCircuitsMessage.swift in Sources */,
				A0A735E1247566CD00073C81 /* Config.m in Sources */,
				A0A735EC24756CA200073C81 /* Message.swift in Sources */,
				A0A735F224756D6B00073C81 /* FileManager+Helpers.swift in Sources */,
				A0A735E42475679800073C81 /* Config.swift in Sources */,
				A0A735F524757FA400073C81 /* ProgressMessage.swift in Sources */,
				A05B73B424755CE600930C40 /* AppDelegate.swift in Sources */,
			);
			runOnlyForDeploymentPostprocessing = 0;
		};
		A0A735C9247561F200073C81 /* Sources */ = {
			isa = PBXSourcesBuildPhase;
			buildActionMask = 2147483647;
			files = (
				A0A735D0247561F200073C81 /* PacketTunnelProvider.swift in Sources */,
				A0A73609247587D300073C81 /* UIButton+Helpers.swift in Sources */,
				A0A735E2247566CD00073C81 /* Config.m in Sources */,
				A0A735F624757FA400073C81 /* ProgressMessage.swift in Sources */,
				A0A735EF24756CA200073C81 /* GetCircuitsMessage.swift in Sources */,
				A0A735F324756D6B00073C81 /* FileManager+Helpers.swift in Sources */,
				A0A735ED24756CA200073C81 /* Message.swift in Sources */,
				A0A735EB24756CA200073C81 /* CloseCircuitsMessage.swift in Sources */,
				A0A736062475851D00073C81 /* Bundle+Helpers.swift in Sources */,
				A0A735E52475679800073C81 /* Config.swift in Sources */,
			);
			runOnlyForDeploymentPostprocessing = 0;
		};
/* End PBXSourcesBuildPhase section */

/* Begin PBXTargetDependency section */
		A0A735D4247561F200073C81 /* PBXTargetDependency */ = {
			isa = PBXTargetDependency;
			target = A0A735CC247561F200073C81 /* TorVPN */;
			targetProxy = A0A735D3247561F200073C81 /* PBXContainerItemProxy */;
		};
/* End PBXTargetDependency section */

/* Begin PBXVariantGroup section */
		A05B73B924755CE600930C40 /* Main.storyboard */ = {
			isa = PBXVariantGroup;
			children = (
				A05B73BA24755CE600930C40 /* Base */,
			);
			name = Main.storyboard;
			sourceTree = "<group>";
		};
		A05B73BE24755CE700930C40 /* LaunchScreen.storyboard */ = {
			isa = PBXVariantGroup;
			children = (
				A05B73BF24755CE700930C40 /* Base */,
			);
			name = LaunchScreen.storyboard;
			sourceTree = "<group>";
		};
/* End PBXVariantGroup section */

/* Begin XCBuildConfiguration section */
		A05B73C224755CE700930C40 /* Debug */ = {
			isa = XCBuildConfiguration;
			baseConfigurationReference = A0A735DC2475628F00073C81 /* Config.xcconfig */;
			buildSettings = {
				ALWAYS_SEARCH_USER_PATHS = NO;
				CLANG_ANALYZER_NONNULL = YES;
				CLANG_ANALYZER_NUMBER_OBJECT_CONVERSION = YES_AGGRESSIVE;
				CLANG_CXX_LANGUAGE_STANDARD = "gnu++14";
				CLANG_CXX_LIBRARY = "libc++";
				CLANG_ENABLE_MODULES = YES;
				CLANG_ENABLE_OBJC_ARC = YES;
				CLANG_ENABLE_OBJC_WEAK = YES;
				CLANG_WARN_BLOCK_CAPTURE_AUTORELEASING = YES;
				CLANG_WARN_BOOL_CONVERSION = YES;
				CLANG_WARN_COMMA = YES;
				CLANG_WARN_CONSTANT_CONVERSION = YES;
				CLANG_WARN_DEPRECATED_OBJC_IMPLEMENTATIONS = YES;
				CLANG_WARN_DIRECT_OBJC_ISA_USAGE = YES_ERROR;
				CLANG_WARN_DOCUMENTATION_COMMENTS = YES;
				CLANG_WARN_EMPTY_BODY = YES;
				CLANG_WARN_ENUM_CONVERSION = YES;
				CLANG_WARN_INFINITE_RECURSION = YES;
				CLANG_WARN_INT_CONVERSION = YES;
				CLANG_WARN_NON_LITERAL_NULL_CONVERSION = YES;
				CLANG_WARN_OBJC_IMPLICIT_RETAIN_SELF = YES;
				CLANG_WARN_OBJC_LITERAL_CONVERSION = YES;
				CLANG_WARN_OBJC_ROOT_CLASS = YES_ERROR;
				CLANG_WARN_RANGE_LOOP_ANALYSIS = YES;
				CLANG_WARN_STRICT_PROTOTYPES = YES;
				CLANG_WARN_SUSPICIOUS_MOVE = YES;
				CLANG_WARN_UNGUARDED_AVAILABILITY = YES_AGGRESSIVE;
				CLANG_WARN_UNREACHABLE_CODE = YES;
				CLANG_WARN__DUPLICATE_METHOD_MATCH = YES;
				COPY_PHASE_STRIP = NO;
				DEBUG_INFORMATION_FORMAT = dwarf;
				ENABLE_STRICT_OBJC_MSGSEND = YES;
				ENABLE_TESTABILITY = YES;
				GCC_C_LANGUAGE_STANDARD = gnu11;
				GCC_DYNAMIC_NO_PIC = NO;
				GCC_NO_COMMON_BLOCKS = YES;
				GCC_OPTIMIZATION_LEVEL = 0;
				GCC_PREPROCESSOR_DEFINITIONS = (
					"DEBUG=1",
					"$(inherited)",
				);
				GCC_WARN_64_TO_32_BIT_CONVERSION = YES;
				GCC_WARN_ABOUT_RETURN_TYPE = YES_ERROR;
				GCC_WARN_UNDECLARED_SELECTOR = YES;
				GCC_WARN_UNINITIALIZED_AUTOS = YES_AGGRESSIVE;
				GCC_WARN_UNUSED_FUNCTION = YES;
				GCC_WARN_UNUSED_VARIABLE = YES;
				IPHONEOS_DEPLOYMENT_TARGET = 11.0;
				MTL_ENABLE_DEBUG_INFO = INCLUDE_SOURCE;
				MTL_FAST_MATH = YES;
				ONLY_ACTIVE_ARCH = YES;
				SDKROOT = iphoneos;
				SWIFT_ACTIVE_COMPILATION_CONDITIONS = DEBUG;
				SWIFT_OPTIMIZATION_LEVEL = "-Onone";
			};
			name = Debug;
		};
		A05B73C324755CE700930C40 /* Release */ = {
			isa = XCBuildConfiguration;
			baseConfigurationReference = A0A735DC2475628F00073C81 /* Config.xcconfig */;
			buildSettings = {
				ALWAYS_SEARCH_USER_PATHS = NO;
				CLANG_ANALYZER_NONNULL = YES;
				CLANG_ANALYZER_NUMBER_OBJECT_CONVERSION = YES_AGGRESSIVE;
				CLANG_CXX_LANGUAGE_STANDARD = "gnu++14";
				CLANG_CXX_LIBRARY = "libc++";
				CLANG_ENABLE_MODULES = YES;
				CLANG_ENABLE_OBJC_ARC = YES;
				CLANG_ENABLE_OBJC_WEAK = YES;
				CLANG_WARN_BLOCK_CAPTURE_AUTORELEASING = YES;
				CLANG_WARN_BOOL_CONVERSION = YES;
				CLANG_WARN_COMMA = YES;
				CLANG_WARN_CONSTANT_CONVERSION = YES;
				CLANG_WARN_DEPRECATED_OBJC_IMPLEMENTATIONS = YES;
				CLANG_WARN_DIRECT_OBJC_ISA_USAGE = YES_ERROR;
				CLANG_WARN_DOCUMENTATION_COMMENTS = YES;
				CLANG_WARN_EMPTY_BODY = YES;
				CLANG_WARN_ENUM_CONVERSION = YES;
				CLANG_WARN_INFINITE_RECURSION = YES;
				CLANG_WARN_INT_CONVERSION = YES;
				CLANG_WARN_NON_LITERAL_NULL_CONVERSION = YES;
				CLANG_WARN_OBJC_IMPLICIT_RETAIN_SELF = YES;
				CLANG_WARN_OBJC_LITERAL_CONVERSION = YES;
				CLANG_WARN_OBJC_ROOT_CLASS = YES_ERROR;
				CLANG_WARN_RANGE_LOOP_ANALYSIS = YES;
				CLANG_WARN_STRICT_PROTOTYPES = YES;
				CLANG_WARN_SUSPICIOUS_MOVE = YES;
				CLANG_WARN_UNGUARDED_AVAILABILITY = YES_AGGRESSIVE;
				CLANG_WARN_UNREACHABLE_CODE = YES;
				CLANG_WARN__DUPLICATE_METHOD_MATCH = YES;
				COPY_PHASE_STRIP = NO;
				DEBUG_INFORMATION_FORMAT = "dwarf-with-dsym";
				ENABLE_NS_ASSERTIONS = NO;
				ENABLE_STRICT_OBJC_MSGSEND = YES;
				GCC_C_LANGUAGE_STANDARD = gnu11;
				GCC_NO_COMMON_BLOCKS = YES;
				GCC_WARN_64_TO_32_BIT_CONVERSION = YES;
				GCC_WARN_ABOUT_RETURN_TYPE = YES_ERROR;
				GCC_WARN_UNDECLARED_SELECTOR = YES;
				GCC_WARN_UNINITIALIZED_AUTOS = YES_AGGRESSIVE;
				GCC_WARN_UNUSED_FUNCTION = YES;
				GCC_WARN_UNUSED_VARIABLE = YES;
				IPHONEOS_DEPLOYMENT_TARGET = 11.0;
				MTL_ENABLE_DEBUG_INFO = NO;
				MTL_FAST_MATH = YES;
				SDKROOT = iphoneos;
				SWIFT_COMPILATION_MODE = wholemodule;
				SWIFT_OPTIMIZATION_LEVEL = "-O";
				VALIDATE_PRODUCT = YES;
			};
			name = Release;
		};
		A05B73C524755CE700930C40 /* Debug */ = {
			isa = XCBuildConfiguration;
			baseConfigurationReference = B97A8F56E0F8DD7206C1FA14 /* Pods-iCepa.debug.xcconfig */;
			buildSettings = {
				ALWAYS_EMBED_SWIFT_STANDARD_LIBRARIES = YES;
				ASSETCATALOG_COMPILER_APPICON_NAME = AppIcon;
				CLANG_ENABLE_MODULES = YES;
				CODE_SIGN_ENTITLEMENTS = iCepa/iCepa.entitlements;
				CODE_SIGN_STYLE = Manual;
				DEVELOPMENT_TEAM = "$(DEVELOPMENT_TEAM)";
				INFOPLIST_FILE = iCepa/Info.plist;
				LD_RUNPATH_SEARCH_PATHS = (
					"$(inherited)",
					"@executable_path/Frameworks",
				);
				MARKETING_VERSION = 2.0.0;
				PRODUCT_BUNDLE_IDENTIFIER = "$(APP_BUNDLE_ID)";
				PRODUCT_NAME = "$(TARGET_NAME)";
				PROVISIONING_PROFILE_SPECIFIER = "$(APP_PROVISIONING_PROFILE_SPECIFIER)";
				SWIFT_OBJC_BRIDGING_HEADER = "iCepa/iCepa-Bridging-Header.h";
				SWIFT_OPTIMIZATION_LEVEL = "-Onone";
				SWIFT_VERSION = 5.0;
				TARGETED_DEVICE_FAMILY = "1,2";
			};
			name = Debug;
		};
		A05B73C624755CE700930C40 /* Release */ = {
			isa = XCBuildConfiguration;
			baseConfigurationReference = CB2AC54866A669B1EF53DA4E /* Pods-iCepa.release.xcconfig */;
			buildSettings = {
				ALWAYS_EMBED_SWIFT_STANDARD_LIBRARIES = YES;
				ASSETCATALOG_COMPILER_APPICON_NAME = AppIcon;
				CLANG_ENABLE_MODULES = YES;
				CODE_SIGN_ENTITLEMENTS = iCepa/iCepa.entitlements;
				CODE_SIGN_STYLE = Manual;
				DEVELOPMENT_TEAM = "$(DEVELOPMENT_TEAM)";
				INFOPLIST_FILE = iCepa/Info.plist;
				LD_RUNPATH_SEARCH_PATHS = (
					"$(inherited)",
					"@executable_path/Frameworks",
				);
				MARKETING_VERSION = 2.0.0;
				PRODUCT_BUNDLE_IDENTIFIER = "$(APP_BUNDLE_ID)";
				PRODUCT_NAME = "$(TARGET_NAME)";
				PROVISIONING_PROFILE_SPECIFIER = "$(APP_PROVISIONING_PROFILE_SPECIFIER)";
				SWIFT_OBJC_BRIDGING_HEADER = "iCepa/iCepa-Bridging-Header.h";
				SWIFT_VERSION = 5.0;
				TARGETED_DEVICE_FAMILY = "1,2";
			};
			name = Release;
		};
		A0A735D7247561F200073C81 /* Debug */ = {
			isa = XCBuildConfiguration;
			baseConfigurationReference = FC6B77D8E3D9B67DE283B98C /* Pods-TorVPN.debug.xcconfig */;
			buildSettings = {
				CLANG_ENABLE_MODULES = YES;
				CODE_SIGN_ENTITLEMENTS = TorVPN/TorVPN.entitlements;
				CODE_SIGN_STYLE = Manual;
				DEVELOPMENT_TEAM = "$(DEVELOPMENT_TEAM)";
				INFOPLIST_FILE = TorVPN/Info.plist;
				IPHONEOS_DEPLOYMENT_TARGET = 13.4;
				LD_RUNPATH_SEARCH_PATHS = (
					"$(inherited)",
					"@executable_path/Frameworks",
					"@executable_path/../../Frameworks",
				);
				PRODUCT_BUNDLE_IDENTIFIER = "$(EXT_BUNDLE_ID)";
				PRODUCT_NAME = "$(TARGET_NAME)";
				PROVISIONING_PROFILE_SPECIFIER = "$(EXT_PROVISIONING_PROFILE_SPECIFIER)";
				SKIP_INSTALL = YES;
				SWIFT_OBJC_BRIDGING_HEADER = "TorVPN/TorVPN-Bridging-Header.h";
				SWIFT_OPTIMIZATION_LEVEL = "-Onone";
				SWIFT_VERSION = 5.0;
				TARGETED_DEVICE_FAMILY = "1,2";
			};
			name = Debug;
		};
		A0A735D8247561F200073C81 /* Release */ = {
			isa = XCBuildConfiguration;
			baseConfigurationReference = BA3E6397C157544CEA3CA28D /* Pods-TorVPN.release.xcconfig */;
			buildSettings = {
				CLANG_ENABLE_MODULES = YES;
				CODE_SIGN_ENTITLEMENTS = TorVPN/TorVPN.entitlements;
				CODE_SIGN_STYLE = Automatic;
				DEVELOPMENT_TEAM = "$(DEVELOPMENT_TEAM)";
				INFOPLIST_FILE = TorVPN/Info.plist;
				IPHONEOS_DEPLOYMENT_TARGET = 13.4;
				LD_RUNPATH_SEARCH_PATHS = (
					"$(inherited)",
					"@executable_path/Frameworks",
					"@executable_path/../../Frameworks",
				);
				PRODUCT_BUNDLE_IDENTIFIER = "$(EXT_BUNDLE_ID)";
				PRODUCT_NAME = "$(TARGET_NAME)";
				SKIP_INSTALL = YES;
				SWIFT_OBJC_BRIDGING_HEADER = "TorVPN/TorVPN-Bridging-Header.h";
				SWIFT_VERSION = 5.0;
				TARGETED_DEVICE_FAMILY = "1,2";
			};
			name = Release;
		};
/* End XCBuildConfiguration section */

/* Begin XCConfigurationList section */
		A05B73AB24755CE600930C40 /* Build configuration list for PBXProject "iCepa" */ = {
			isa = XCConfigurationList;
			buildConfigurations = (
				A05B73C224755CE700930C40 /* Debug */,
				A05B73C324755CE700930C40 /* Release */,
			);
			defaultConfigurationIsVisible = 0;
			defaultConfigurationName = Release;
		};
		A05B73C424755CE700930C40 /* Build configuration list for PBXNativeTarget "iCepa" */ = {
			isa = XCConfigurationList;
			buildConfigurations = (
				A05B73C524755CE700930C40 /* Debug */,
				A05B73C624755CE700930C40 /* Release */,
			);
			defaultConfigurationIsVisible = 0;
			defaultConfigurationName = Release;
		};
		A0A735D6247561F200073C81 /* Build configuration list for PBXNativeTarget "TorVPN" */ = {
			isa = XCConfigurationList;
			buildConfigurations = (
				A0A735D7247561F200073C81 /* Debug */,
				A0A735D8247561F200073C81 /* Release */,
			);
			defaultConfigurationIsVisible = 0;
			defaultConfigurationName = Release;
		};
/* End XCConfigurationList section */
	};
	rootObject = A05B73A824755CE600930C40 /* Project object */;
}
